// !$*UTF8*$!
{
	archiveVersion = 1;
	classes = {
	};
	objectVersion = 46;
	objects = {

/* Begin PBXAggregateTarget section */
		254518547437A8E8E3F2003D /* PeakSynth - All */ = {
			isa = PBXAggregateTarget;
			buildConfigurationList = F8ED3D4E4860E329F4837197;
			buildPhases = (
			);
			dependencies = (
				693769FD7DD7E686ABF2EC03,
				F8A607C267C66B60E557E542,
				C053B5FDD0FBEC9E15CC181F,
				52CDF8ED6FC62C9D8EC8A75F,
			);
			name = "PeakSynth - All";
			productName = PeakSynth;
		};
/* End PBXAggregateTarget section */

/* Begin PBXBuildFile section */
		01AA15F10257BB3A0E7D24DB /* include_juce_core.mm */ = {isa = PBXBuildFile; fileRef = C4579BAC8C00A9E2EB38FA99; };
		0218DE301D401B49804AF4DF /* include_juce_audio_plugin_client_VST3.cpp */ = {isa = PBXBuildFile; fileRef = 00BD06A7C6CA39D7F7B069A0; };
		051B5723D333B566DF8A47CD /* ParamControlComponent.cpp */ = {isa = PBXBuildFile; fileRef = 7C4FCF4A01692DEF684F0B94; };
		0814BCC4F267051815A6AF05 /* include_juce_dsp.mm */ = {isa = PBXBuildFile; fileRef = F8191F98F5E67EF2F70B5079; };
		13D3533CCEA6C2004D18CF91 /* AudioPlayerData.cpp */ = {isa = PBXBuildFile; fileRef = 7EA542AEDE767C7B4B3BBA27; };
		1A4DF7946E76A8D7DB59EEC2 /* QuartzCore.framework */ = {isa = PBXBuildFile; fileRef = FC2B19B45442067915382F23; };
		1E5FD2BA8F89378DFDDDDD71 /* include_juce_graphics.mm */ = {isa = PBXBuildFile; fileRef = 14EE08F6FE4BB27E885048BE; };
		204BFD3AB5E47763BEDEB604 /* include_juce_data_structures.mm */ = {isa = PBXBuildFile; fileRef = 28E91FE81F76FE8191F51089; };
		2F7B24B5E864A2E3A50E99C2 /* AudioPlayerComponent.cpp */ = {isa = PBXBuildFile; fileRef = 3284335504AB31238503DEA3; };
		333259EE6F2C8EED3761EAD3 /* Accelerate.framework */ = {isa = PBXBuildFile; fileRef = 0D92455C62957BC319D05B67; };
		374E5B497E2CA02F384DA8A6 /* include_juce_audio_processors.mm */ = {isa = PBXBuildFile; fileRef = 0F316F5775F50ACA7C1B0F04; };
		3972329170885B8610DB3924 /* include_juce_gui_basics.mm */ = {isa = PBXBuildFile; fileRef = 6EAE174FC8278FB520DD036D; };
		3D7010B96935E8B344FA6F9D /* AU */ = {isa = PBXBuildFile; fileRef = FDB938C878F4C179D4C0A1A5; };
		5060CB3A4123DD0C4F6602B9 /* Standalone Plugin */ = {isa = PBXBuildFile; fileRef = 9F1517C61BBB592A2AACF34D; };
		51074E128FB8933680125F89 /* Shared Code */ = {isa = PBXBuildFile; fileRef = 0484844111C681432B3A2BD7; };
		54C2F7BFD272366DF942F55B /* include_juce_audio_basics.mm */ = {isa = PBXBuildFile; fileRef = AB39F0D816E19F214D51B0F7; };
		7C778545B2A06AB1603469EB /* include_juce_events.mm */ = {isa = PBXBuildFile; fileRef = 7A3784744E013C0226B4DC44; };
		7D10E5A719E1F0D315A5B777 /* include_juce_audio_plugin_client_ARA.cpp */ = {isa = PBXBuildFile; fileRef = EF5D7259E504E33845B34A52; };
		84A61A47D2A61AC475DC9D3B /* CoreMIDI.framework */ = {isa = PBXBuildFile; fileRef = D9CB8D558BB21ECF77C5D9BD; };
		88B0C27CD2D88063A86410CF /* PluginProcessor.cpp */ = {isa = PBXBuildFile; fileRef = 92B7AA47AC51F9F03741E54B; };
		8DF3DAED2D0ED49D01862AFB /* FilterADSR.cpp */ = {isa = PBXBuildFile; fileRef = EA6C34694BE045345FF2B049; };
		8E13DEF79BF36976A260F9E4 /* Foundation.framework */ = {isa = PBXBuildFile; fileRef = 2BD8E7D93663170B5C64F130; };
		8F72A9D979210DF9BBB5F03F /* include_juce_audio_processors_ara.cpp */ = {isa = PBXBuildFile; fileRef = 8477FB256D8D472A4D42A1F0; };
		998F222007BA17F731751E10 /* AudioUnit.framework */ = {isa = PBXBuildFile; fileRef = 26E7605B53B06E4E47CA96A3; };
		A134390E16C1E203A0761C9E /* SynthFilterVoice.cpp */ = {isa = PBXBuildFile; fileRef = 4A37DF1791BFE847565EB8C2; };
		A1F25B433FC652D8C550A493 /* CoreAudio.framework */ = {isa = PBXBuildFile; fileRef = 06B6A8AEB304E0F82848B87A; };
		A58D7ADA47E1BE6678B639FB /* include_juce_audio_devices.mm */ = {isa = PBXBuildFile; fileRef = 0DF8F078F5C0D61F97BD86B5; };
		A8F032AD2CB0726D9A012798 /* include_juce_audio_plugin_client_utils.cpp */ = {isa = PBXBuildFile; fileRef = 5E88681BA29F640C72D445F7; };
		B5B3C17B516D5440D1EA33E8 /* DiscRecording.framework */ = {isa = PBXBuildFile; fileRef = D551C4266FFEE5AAC04BEF08; };
		B77133DF917F8FBA7E107BD1 /* include_juce_audio_utils.mm */ = {isa = PBXBuildFile; fileRef = 2EA8D07386628843F96B7849; };
		BA4E36182654EA6ABCF429BB /* include_juce_audio_plugin_client_VST_utils.mm */ = {isa = PBXBuildFile; fileRef = 1A108F2B076A4F1DB84BE3B3; };
		C02970967FE09F83A27DD553 /* PluginEditor.cpp */ = {isa = PBXBuildFile; fileRef = 2FD1B3D98497C50BE65E148F; };
		C0ECFE73400DB9BB43B9C201 /* include_juce_gui_extra.mm */ = {isa = PBXBuildFile; fileRef = DE9CB2D716C508FD3CBF58C3; };
		C36B0918C16D5B8950BC487A /* AudioToolbox.framework */ = {isa = PBXBuildFile; fileRef = 8D1B97A7696E4D8F2D0CBB5B; };
		C937F1FCDF08C39E8BC4D803 /* include_juce_audio_formats.mm */ = {isa = PBXBuildFile; fileRef = 6F60D6E02F8C57D4F87504D9; };
		D7DA03B714C7E56D94ADC171 /* include_juce_audio_plugin_client_AU_2.mm */ = {isa = PBXBuildFile; fileRef = C69CCB22239232CB5BA1FE4B; };
		D8E508C4510D7A03B8F48DB8 /* include_juce_audio_plugin_client_Standalone.cpp */ = {isa = PBXBuildFile; fileRef = 13B5CD7BD84E600F2780A6F1; };
		E20F5C173DBDB2F6C6748D44 /* CoreAudioKit.framework */ = {isa = PBXBuildFile; fileRef = DD96905396BCE6A47A3EC73A; };
		EF4363AADF67233993AE05D2 /* WebKit.framework */ = {isa = PBXBuildFile; fileRef = E13A8D75C6A275E22CE7C33E; };
		F238DF661BE8E3C6C73B2EE8 /* IOKit.framework */ = {isa = PBXBuildFile; fileRef = 4DE13BA8D8F6FDBC14324397; };
		F26ECD97DF09E52745C7401D /* RecentFilesMenuTemplate.nib */ = {isa = PBXBuildFile; fileRef = FB91C96678211B998C94003A; };
		F6237C8FD7FCE44024BC2F9C /* VST3 */ = {isa = PBXBuildFile; fileRef = BCB2539D9056C36781ADF9D3; };
		F9A8E0536C1FD4D62CC65BAF /* include_juce_audio_processors_lv2_libs.cpp */ = {isa = PBXBuildFile; fileRef = 61C4A021A21FA5BFF0C6067C; };
		FD05FD6A93479CD69564704A /* include_juce_audio_plugin_client_AU_1.mm */ = {isa = PBXBuildFile; fileRef = FF086F1E6E1935B0634C6985; };
		FFAE3E11D4477CAF9ED1D44B /* Cocoa.framework */ = {isa = PBXBuildFile; fileRef = 26D01111505E202EA34D36E9; };
/* End PBXBuildFile section */

/* Begin PBXFileReference section */
		00BD06A7C6CA39D7F7B069A0 /* include_juce_audio_plugin_client_VST3.cpp */ /* include_juce_audio_plugin_client_VST3.cpp */ = {isa = PBXFileReference; lastKnownFileType = sourcecode.cpp.cpp; name = include_juce_audio_plugin_client_VST3.cpp; path = ../../JuceLibraryCode/include_juce_audio_plugin_client_VST3.cpp; sourceTree = SOURCE_ROOT; };
		0484844111C681432B3A2BD7 /* Shared Code */ = {isa = PBXFileReference; explicitFileType = archive.ar; includeInIndex = 0; path = libPeakSynth.a; sourceTree = BUILT_PRODUCTS_DIR; };
		06B6A8AEB304E0F82848B87A /* CoreAudio.framework */ /* CoreAudio.framework */ = {isa = PBXFileReference; lastKnownFileType = wrapper.framework; name = CoreAudio.framework; path = System/Library/Frameworks/CoreAudio.framework; sourceTree = SDKROOT; };
		08A8948DA0017A57B05B8C2A /* SynthSound.h */ /* SynthSound.h */ = {isa = PBXFileReference; lastKnownFileType = sourcecode.c.h; name = SynthSound.h; path = ../../Source/Data/SynthSound.h; sourceTree = SOURCE_ROOT; };
		0D92455C62957BC319D05B67 /* Accelerate.framework */ /* Accelerate.framework */ = {isa = PBXFileReference; lastKnownFileType = wrapper.framework; name = Accelerate.framework; path = System/Library/Frameworks/Accelerate.framework; sourceTree = SDKROOT; };
		0DF8F078F5C0D61F97BD86B5 /* include_juce_audio_devices.mm */ /* include_juce_audio_devices.mm */ = {isa = PBXFileReference; lastKnownFileType = sourcecode.cpp.objcpp; name = include_juce_audio_devices.mm; path = ../../JuceLibraryCode/include_juce_audio_devices.mm; sourceTree = SOURCE_ROOT; };
		0E02BE5D48302FAAA03D38D3 /* PluginProcessor.h */ /* PluginProcessor.h */ = {isa = PBXFileReference; lastKnownFileType = sourcecode.c.h; name = PluginProcessor.h; path = ../../Source/PluginProcessor.h; sourceTree = SOURCE_ROOT; };
		0F316F5775F50ACA7C1B0F04 /* include_juce_audio_processors.mm */ /* include_juce_audio_processors.mm */ = {isa = PBXFileReference; lastKnownFileType = sourcecode.cpp.objcpp; name = include_juce_audio_processors.mm; path = ../../JuceLibraryCode/include_juce_audio_processors.mm; sourceTree = SOURCE_ROOT; };
		13B5CD7BD84E600F2780A6F1 /* include_juce_audio_plugin_client_Standalone.cpp */ /* include_juce_audio_plugin_client_Standalone.cpp */ = {isa = PBXFileReference; lastKnownFileType = sourcecode.cpp.cpp; name = include_juce_audio_plugin_client_Standalone.cpp; path = ../../JuceLibraryCode/include_juce_audio_plugin_client_Standalone.cpp; sourceTree = SOURCE_ROOT; };
		14EE08F6FE4BB27E885048BE /* include_juce_graphics.mm */ /* include_juce_graphics.mm */ = {isa = PBXFileReference; lastKnownFileType = sourcecode.cpp.objcpp; name = include_juce_graphics.mm; path = ../../JuceLibraryCode/include_juce_graphics.mm; sourceTree = SOURCE_ROOT; };
		171EE866FC2487898031AF13 /* juce_core */ /* juce_core */ = {isa = PBXFileReference; lastKnownFileType = folder; name = juce_core; path = /Users/owenprendergast/Documents/JUCE/modules/juce_core; sourceTree = "<absolute>"; };
		1A108F2B076A4F1DB84BE3B3 /* include_juce_audio_plugin_client_VST_utils.mm */ /* include_juce_audio_plugin_client_VST_utils.mm */ = {isa = PBXFileReference; lastKnownFileType = sourcecode.cpp.objcpp; name = include_juce_audio_plugin_client_VST_utils.mm; path = ../../JuceLibraryCode/include_juce_audio_plugin_client_VST_utils.mm; sourceTree = SOURCE_ROOT; };
		1EBF162B6191164E02BB196D /* JucePluginDefines.h */ /* JucePluginDefines.h */ = {isa = PBXFileReference; lastKnownFileType = sourcecode.c.h; name = JucePluginDefines.h; path = ../../JuceLibraryCode/JucePluginDefines.h; sourceTree = SOURCE_ROOT; };
		26D01111505E202EA34D36E9 /* Cocoa.framework */ /* Cocoa.framework */ = {isa = PBXFileReference; lastKnownFileType = wrapper.framework; name = Cocoa.framework; path = System/Library/Frameworks/Cocoa.framework; sourceTree = SDKROOT; };
		26E7605B53B06E4E47CA96A3 /* AudioUnit.framework */ /* AudioUnit.framework */ = {isa = PBXFileReference; lastKnownFileType = wrapper.framework; name = AudioUnit.framework; path = System/Library/Frameworks/AudioUnit.framework; sourceTree = SDKROOT; };
		28ADDEB8E9D462E99A58A341 /* juce_dsp */ /* juce_dsp */ = {isa = PBXFileReference; lastKnownFileType = folder; name = juce_dsp; path = /Users/owenprendergast/Documents/JUCE/modules/juce_dsp; sourceTree = "<absolute>"; };
		28E91FE81F76FE8191F51089 /* include_juce_data_structures.mm */ /* include_juce_data_structures.mm */ = {isa = PBXFileReference; lastKnownFileType = sourcecode.cpp.objcpp; name = include_juce_data_structures.mm; path = ../../JuceLibraryCode/include_juce_data_structures.mm; sourceTree = SOURCE_ROOT; };
		2B34410CD45FBBDA1C55C45D /* juce_gui_extra */ /* juce_gui_extra */ = {isa = PBXFileReference; lastKnownFileType = folder; name = juce_gui_extra; path = /Users/owenprendergast/Documents/JUCE/modules/juce_gui_extra; sourceTree = "<absolute>"; };
		2BD8E7D93663170B5C64F130 /* Foundation.framework */ /* Foundation.framework */ = {isa = PBXFileReference; lastKnownFileType = wrapper.framework; name = Foundation.framework; path = System/Library/Frameworks/Foundation.framework; sourceTree = SDKROOT; };
		2EA8D07386628843F96B7849 /* include_juce_audio_utils.mm */ /* include_juce_audio_utils.mm */ = {isa = PBXFileReference; lastKnownFileType = sourcecode.cpp.objcpp; name = include_juce_audio_utils.mm; path = ../../JuceLibraryCode/include_juce_audio_utils.mm; sourceTree = SOURCE_ROOT; };
		2FD1B3D98497C50BE65E148F /* PluginEditor.cpp */ /* PluginEditor.cpp */ = {isa = PBXFileReference; lastKnownFileType = sourcecode.cpp.cpp; name = PluginEditor.cpp; path = ../../Source/PluginEditor.cpp; sourceTree = SOURCE_ROOT; };
		3284335504AB31238503DEA3 /* AudioPlayerComponent.cpp */ /* AudioPlayerComponent.cpp */ = {isa = PBXFileReference; lastKnownFileType = sourcecode.cpp.cpp; name = AudioPlayerComponent.cpp; path = ../../Source/UI/AudioPlayerComponent.cpp; sourceTree = SOURCE_ROOT; };
		48BF4A18280D1F68CDCD613C /* PluginEditor.h */ /* PluginEditor.h */ = {isa = PBXFileReference; lastKnownFileType = sourcecode.c.h; name = PluginEditor.h; path = ../../Source/PluginEditor.h; sourceTree = SOURCE_ROOT; };
		4A37DF1791BFE847565EB8C2 /* SynthFilterVoice.cpp */ /* SynthFilterVoice.cpp */ = {isa = PBXFileReference; lastKnownFileType = sourcecode.cpp.cpp; name = SynthFilterVoice.cpp; path = ../../Source/Data/SynthFilterVoice.cpp; sourceTree = SOURCE_ROOT; };
		4DE13BA8D8F6FDBC14324397 /* IOKit.framework */ /* IOKit.framework */ = {isa = PBXFileReference; lastKnownFileType = wrapper.framework; name = IOKit.framework; path = System/Library/Frameworks/IOKit.framework; sourceTree = SDKROOT; };
		57ECADF1C6B5F24C1653E663 /* juce_audio_basics */ /* juce_audio_basics */ = {isa = PBXFileReference; lastKnownFileType = folder; name = juce_audio_basics; path = /Users/owenprendergast/Documents/JUCE/modules/juce_audio_basics; sourceTree = "<absolute>"; };
		5E88681BA29F640C72D445F7 /* include_juce_audio_plugin_client_utils.cpp */ /* include_juce_audio_plugin_client_utils.cpp */ = {isa = PBXFileReference; lastKnownFileType = sourcecode.cpp.cpp; name = include_juce_audio_plugin_client_utils.cpp; path = ../../JuceLibraryCode/include_juce_audio_plugin_client_utils.cpp; sourceTree = SOURCE_ROOT; };
		60558E9365030E4B3C2F7BE9 /* juce_audio_plugin_client */ /* juce_audio_plugin_client */ = {isa = PBXFileReference; lastKnownFileType = folder; name = juce_audio_plugin_client; path = /Users/owenprendergast/Documents/JUCE/modules/juce_audio_plugin_client; sourceTree = "<absolute>"; };
		61C4A021A21FA5BFF0C6067C /* include_juce_audio_processors_lv2_libs.cpp */ /* include_juce_audio_processors_lv2_libs.cpp */ = {isa = PBXFileReference; lastKnownFileType = sourcecode.cpp.cpp; name = include_juce_audio_processors_lv2_libs.cpp; path = ../../JuceLibraryCode/include_juce_audio_processors_lv2_libs.cpp; sourceTree = SOURCE_ROOT; };
		626E032CF0E517D90E05D2A1 /* FilterADSR.h */ /* FilterADSR.h */ = {isa = PBXFileReference; lastKnownFileType = sourcecode.c.h; name = FilterADSR.h; path = ../../Source/Data/FilterADSR.h; sourceTree = SOURCE_ROOT; };
		6EAE174FC8278FB520DD036D /* include_juce_gui_basics.mm */ /* include_juce_gui_basics.mm */ = {isa = PBXFileReference; lastKnownFileType = sourcecode.cpp.objcpp; name = include_juce_gui_basics.mm; path = ../../JuceLibraryCode/include_juce_gui_basics.mm; sourceTree = SOURCE_ROOT; };
		6F60D6E02F8C57D4F87504D9 /* include_juce_audio_formats.mm */ /* include_juce_audio_formats.mm */ = {isa = PBXFileReference; lastKnownFileType = sourcecode.cpp.objcpp; name = include_juce_audio_formats.mm; path = ../../JuceLibraryCode/include_juce_audio_formats.mm; sourceTree = SOURCE_ROOT; };
		7A3784744E013C0226B4DC44 /* include_juce_events.mm */ /* include_juce_events.mm */ = {isa = PBXFileReference; lastKnownFileType = sourcecode.cpp.objcpp; name = include_juce_events.mm; path = ../../JuceLibraryCode/include_juce_events.mm; sourceTree = SOURCE_ROOT; };
		7C4FCF4A01692DEF684F0B94 /* ParamControlComponent.cpp */ /* ParamControlComponent.cpp */ = {isa = PBXFileReference; lastKnownFileType = sourcecode.cpp.cpp; name = ParamControlComponent.cpp; path = ../../Source/UI/ParamControlComponent.cpp; sourceTree = SOURCE_ROOT; };
		7EA542AEDE767C7B4B3BBA27 /* AudioPlayerData.cpp */ /* AudioPlayerData.cpp */ = {isa = PBXFileReference; lastKnownFileType = sourcecode.cpp.cpp; name = AudioPlayerData.cpp; path = ../../Source/Data/AudioPlayerData.cpp; sourceTree = SOURCE_ROOT; };
		8477FB256D8D472A4D42A1F0 /* include_juce_audio_processors_ara.cpp */ /* include_juce_audio_processors_ara.cpp */ = {isa = PBXFileReference; lastKnownFileType = sourcecode.cpp.cpp; name = include_juce_audio_processors_ara.cpp; path = ../../JuceLibraryCode/include_juce_audio_processors_ara.cpp; sourceTree = SOURCE_ROOT; };
		876C8203229693AFE90DF61A /* Info-AU.plist */ /* Info-AU.plist */ = {isa = PBXFileReference; lastKnownFileType = text.plist.xml; name = "Info-AU.plist"; path = "Info-AU.plist"; sourceTree = SOURCE_ROOT; };
		89E1C445BBDDCE41A77FE203 /* Info-VST3.plist */ /* Info-VST3.plist */ = {isa = PBXFileReference; lastKnownFileType = text.plist.xml; name = "Info-VST3.plist"; path = "Info-VST3.plist"; sourceTree = SOURCE_ROOT; };
		8D1B97A7696E4D8F2D0CBB5B /* AudioToolbox.framework */ /* AudioToolbox.framework */ = {isa = PBXFileReference; lastKnownFileType = wrapper.framework; name = AudioToolbox.framework; path = System/Library/Frameworks/AudioToolbox.framework; sourceTree = SDKROOT; };
		92B7AA47AC51F9F03741E54B /* PluginProcessor.cpp */ /* PluginProcessor.cpp */ = {isa = PBXFileReference; lastKnownFileType = sourcecode.cpp.cpp; name = PluginProcessor.cpp; path = ../../Source/PluginProcessor.cpp; sourceTree = SOURCE_ROOT; };
		9C4EFA832D4D2DED80930079 /* juce_events */ /* juce_events */ = {isa = PBXFileReference; lastKnownFileType = folder; name = juce_events; path = /Users/owenprendergast/Documents/JUCE/modules/juce_events; sourceTree = "<absolute>"; };
		9F1517C61BBB592A2AACF34D /* Standalone Plugin */ = {isa = PBXFileReference; explicitFileType = wrapper.application; includeInIndex = 0; path = PeakSynth.app; sourceTree = BUILT_PRODUCTS_DIR; };
		A506DB160C06B77347A639A9 /* juce_audio_devices */ /* juce_audio_devices */ = {isa = PBXFileReference; lastKnownFileType = folder; name = juce_audio_devices; path = /Users/owenprendergast/Documents/JUCE/modules/juce_audio_devices; sourceTree = "<absolute>"; };
		AB39F0D816E19F214D51B0F7 /* include_juce_audio_basics.mm */ /* include_juce_audio_basics.mm */ = {isa = PBXFileReference; lastKnownFileType = sourcecode.cpp.objcpp; name = include_juce_audio_basics.mm; path = ../../JuceLibraryCode/include_juce_audio_basics.mm; sourceTree = SOURCE_ROOT; };
		B93005B0AD79F0D5106FA2C8 /* juce_gui_basics */ /* juce_gui_basics */ = {isa = PBXFileReference; lastKnownFileType = folder; name = juce_gui_basics; path = /Users/owenprendergast/Documents/JUCE/modules/juce_gui_basics; sourceTree = "<absolute>"; };
		BCB2539D9056C36781ADF9D3 /* VST3 */ = {isa = PBXFileReference; explicitFileType = wrapper.cfbundle; includeInIndex = 0; path = PeakSynth.vst3; sourceTree = BUILT_PRODUCTS_DIR; };
		C06D8F08EF18760EB221485D /* JuceHeader.h */ /* JuceHeader.h */ = {isa = PBXFileReference; lastKnownFileType = sourcecode.c.h; name = JuceHeader.h; path = ../../JuceLibraryCode/JuceHeader.h; sourceTree = SOURCE_ROOT; };
		C32CC8BC03DB0899683FDDC3 /* juce_data_structures */ /* juce_data_structures */ = {isa = PBXFileReference; lastKnownFileType = folder; name = juce_data_structures; path = /Users/owenprendergast/Documents/JUCE/modules/juce_data_structures; sourceTree = "<absolute>"; };
		C4579BAC8C00A9E2EB38FA99 /* include_juce_core.mm */ /* include_juce_core.mm */ = {isa = PBXFileReference; lastKnownFileType = sourcecode.cpp.objcpp; name = include_juce_core.mm; path = ../../JuceLibraryCode/include_juce_core.mm; sourceTree = SOURCE_ROOT; };
		C49604E1B645D5A7ADC31417 /* AudioPlayerComponent.h */ /* AudioPlayerComponent.h */ = {isa = PBXFileReference; lastKnownFileType = sourcecode.c.h; name = AudioPlayerComponent.h; path = ../../Source/UI/AudioPlayerComponent.h; sourceTree = SOURCE_ROOT; };
		C69CCB22239232CB5BA1FE4B /* include_juce_audio_plugin_client_AU_2.mm */ /* include_juce_audio_plugin_client_AU_2.mm */ = {isa = PBXFileReference; lastKnownFileType = sourcecode.cpp.objcpp; name = include_juce_audio_plugin_client_AU_2.mm; path = ../../JuceLibraryCode/include_juce_audio_plugin_client_AU_2.mm; sourceTree = SOURCE_ROOT; };
		C9B64B4E832D2E5051D0F883 /* juce_audio_utils */ /* juce_audio_utils */ = {isa = PBXFileReference; lastKnownFileType = folder; name = juce_audio_utils; path = /Users/owenprendergast/Documents/JUCE/modules/juce_audio_utils; sourceTree = "<absolute>"; };
		D0873C8F903E0F7ED4518148 /* AudioPlayerData.h */ /* AudioPlayerData.h */ = {isa = PBXFileReference; lastKnownFileType = sourcecode.c.h; name = AudioPlayerData.h; path = ../../Source/Data/AudioPlayerData.h; sourceTree = SOURCE_ROOT; };
		D249A71D64751656A7F8D68A /* juce_audio_processors */ /* juce_audio_processors */ = {isa = PBXFileReference; lastKnownFileType = folder; name = juce_audio_processors; path = /Users/owenprendergast/Documents/JUCE/modules/juce_audio_processors; sourceTree = "<absolute>"; };
		D48E17AB65C9CDBF4EB4B88F /* juce_graphics */ /* juce_graphics */ = {isa = PBXFileReference; lastKnownFileType = folder; name = juce_graphics; path = /Users/owenprendergast/Documents/JUCE/modules/juce_graphics; sourceTree = "<absolute>"; };
		D551C4266FFEE5AAC04BEF08 /* DiscRecording.framework */ /* DiscRecording.framework */ = {isa = PBXFileReference; lastKnownFileType = wrapper.framework; name = DiscRecording.framework; path = System/Library/Frameworks/DiscRecording.framework; sourceTree = SDKROOT; };
		D9CB8D558BB21ECF77C5D9BD /* CoreMIDI.framework */ /* CoreMIDI.framework */ = {isa = PBXFileReference; lastKnownFileType = wrapper.framework; name = CoreMIDI.framework; path = System/Library/Frameworks/CoreMIDI.framework; sourceTree = SDKROOT; };
		DBC8E8038BDB6BE5ED632699 /* Info-Standalone_Plugin.plist */ /* Info-Standalone_Plugin.plist */ = {isa = PBXFileReference; lastKnownFileType = text.plist.xml; name = "Info-Standalone_Plugin.plist"; path = "Info-Standalone_Plugin.plist"; sourceTree = SOURCE_ROOT; };
		DD96905396BCE6A47A3EC73A /* CoreAudioKit.framework */ /* CoreAudioKit.framework */ = {isa = PBXFileReference; lastKnownFileType = wrapper.framework; name = CoreAudioKit.framework; path = System/Library/Frameworks/CoreAudioKit.framework; sourceTree = SDKROOT; };
		DE9CB2D716C508FD3CBF58C3 /* include_juce_gui_extra.mm */ /* include_juce_gui_extra.mm */ = {isa = PBXFileReference; lastKnownFileType = sourcecode.cpp.objcpp; name = include_juce_gui_extra.mm; path = ../../JuceLibraryCode/include_juce_gui_extra.mm; sourceTree = SOURCE_ROOT; };
		E13A8D75C6A275E22CE7C33E /* WebKit.framework */ /* WebKit.framework */ = {isa = PBXFileReference; lastKnownFileType = wrapper.framework; name = WebKit.framework; path = System/Library/Frameworks/WebKit.framework; sourceTree = SDKROOT; };
		EA6C34694BE045345FF2B049 /* FilterADSR.cpp */ /* FilterADSR.cpp */ = {isa = PBXFileReference; lastKnownFileType = sourcecode.cpp.cpp; name = FilterADSR.cpp; path = ../../Source/Data/FilterADSR.cpp; sourceTree = SOURCE_ROOT; };
		EE64A0BCE9C1358872A37C28 /* juce_audio_formats */ /* juce_audio_formats */ = {isa = PBXFileReference; lastKnownFileType = folder; name = juce_audio_formats; path = /Users/owenprendergast/Documents/JUCE/modules/juce_audio_formats; sourceTree = "<absolute>"; };
		EF5D7259E504E33845B34A52 /* include_juce_audio_plugin_client_ARA.cpp */ /* include_juce_audio_plugin_client_ARA.cpp */ = {isa = PBXFileReference; lastKnownFileType = sourcecode.cpp.cpp; name = include_juce_audio_plugin_client_ARA.cpp; path = ../../JuceLibraryCode/include_juce_audio_plugin_client_ARA.cpp; sourceTree = SOURCE_ROOT; };
		F8191F98F5E67EF2F70B5079 /* include_juce_dsp.mm */ /* include_juce_dsp.mm */ = {isa = PBXFileReference; lastKnownFileType = sourcecode.cpp.objcpp; name = include_juce_dsp.mm; path = ../../JuceLibraryCode/include_juce_dsp.mm; sourceTree = SOURCE_ROOT; };
		FA8730FD05F32DD5AAB37551 /* ParamControlComponent.h */ /* ParamControlComponent.h */ = {isa = PBXFileReference; lastKnownFileType = sourcecode.c.h; name = ParamControlComponent.h; path = ../../Source/UI/ParamControlComponent.h; sourceTree = SOURCE_ROOT; };
		FB91C96678211B998C94003A /* RecentFilesMenuTemplate.nib */ /* RecentFilesMenuTemplate.nib */ = {isa = PBXFileReference; lastKnownFileType = file.nib; name = RecentFilesMenuTemplate.nib; path = RecentFilesMenuTemplate.nib; sourceTree = SOURCE_ROOT; };
		FC2B19B45442067915382F23 /* QuartzCore.framework */ /* QuartzCore.framework */ = {isa = PBXFileReference; lastKnownFileType = wrapper.framework; name = QuartzCore.framework; path = System/Library/Frameworks/QuartzCore.framework; sourceTree = SDKROOT; };
		FDB938C878F4C179D4C0A1A5 /* AU */ = {isa = PBXFileReference; explicitFileType = wrapper.cfbundle; includeInIndex = 0; path = PeakSynth.component; sourceTree = BUILT_PRODUCTS_DIR; };
		FE19EC7E719427A058778BDC /* SynthFilterVoice.h */ /* SynthFilterVoice.h */ = {isa = PBXFileReference; lastKnownFileType = sourcecode.c.h; name = SynthFilterVoice.h; path = ../../Source/Data/SynthFilterVoice.h; sourceTree = SOURCE_ROOT; };
		FF086F1E6E1935B0634C6985 /* include_juce_audio_plugin_client_AU_1.mm */ /* include_juce_audio_plugin_client_AU_1.mm */ = {isa = PBXFileReference; lastKnownFileType = sourcecode.cpp.objcpp; name = include_juce_audio_plugin_client_AU_1.mm; path = ../../JuceLibraryCode/include_juce_audio_plugin_client_AU_1.mm; sourceTree = SOURCE_ROOT; };
/* End PBXFileReference section */

/* Begin PBXFrameworksBuildPhase section */
		2E1C47ABCE0846B7E5CC0A12 = {
			isa = PBXFrameworksBuildPhase;
			buildActionMask = 2147483647;
			files = (
				998F222007BA17F731751E10,
				333259EE6F2C8EED3761EAD3,
				C36B0918C16D5B8950BC487A,
				FFAE3E11D4477CAF9ED1D44B,
				A1F25B433FC652D8C550A493,
				E20F5C173DBDB2F6C6748D44,
				84A61A47D2A61AC475DC9D3B,
				B5B3C17B516D5440D1EA33E8,
				8E13DEF79BF36976A260F9E4,
				F238DF661BE8E3C6C73B2EE8,
				1A4DF7946E76A8D7DB59EEC2,
				EF4363AADF67233993AE05D2,
			);
			runOnlyForDeploymentPostprocessing = 0;
		};
		8C81EF398CF57178568A423B = {
			isa = PBXFrameworksBuildPhase;
			buildActionMask = 2147483647;
			files = (
				333259EE6F2C8EED3761EAD3,
				C36B0918C16D5B8950BC487A,
				FFAE3E11D4477CAF9ED1D44B,
				A1F25B433FC652D8C550A493,
				E20F5C173DBDB2F6C6748D44,
				84A61A47D2A61AC475DC9D3B,
				B5B3C17B516D5440D1EA33E8,
				8E13DEF79BF36976A260F9E4,
				F238DF661BE8E3C6C73B2EE8,
				1A4DF7946E76A8D7DB59EEC2,
				EF4363AADF67233993AE05D2,
			);
			runOnlyForDeploymentPostprocessing = 0;
		};
		A7641878634B43C585A13D55 = {
			isa = PBXFrameworksBuildPhase;
			buildActionMask = 2147483647;
			files = (
				333259EE6F2C8EED3761EAD3,
				C36B0918C16D5B8950BC487A,
				FFAE3E11D4477CAF9ED1D44B,
				A1F25B433FC652D8C550A493,
				E20F5C173DBDB2F6C6748D44,
				84A61A47D2A61AC475DC9D3B,
				B5B3C17B516D5440D1EA33E8,
				8E13DEF79BF36976A260F9E4,
				F238DF661BE8E3C6C73B2EE8,
				1A4DF7946E76A8D7DB59EEC2,
				EF4363AADF67233993AE05D2,
			);
			runOnlyForDeploymentPostprocessing = 0;
		};
/* End PBXFrameworksBuildPhase section */

/* Begin PBXGroup section */
		0E78DF8CC7EB4F39D9D53759 /* UI */ = {
			isa = PBXGroup;
			children = (
				3284335504AB31238503DEA3,
				C49604E1B645D5A7ADC31417,
				7C4FCF4A01692DEF684F0B94,
				FA8730FD05F32DD5AAB37551,
			);
			name = UI;
			sourceTree = "<group>";
		};
		14E2D36CB429001B903AED07 /* PeakSynth */ = {
			isa = PBXGroup;
			children = (
				7616053A8A5F2396C1C703A5,
				B0E774C50E68CC3F31BD3C93,
				0E78DF8CC7EB4F39D9D53759,
			);
			name = PeakSynth;
			sourceTree = "<group>";
		};
		617DD4CEBA3B7A225970B172 /* Resources */ = {
			isa = PBXGroup;
			children = (
				89E1C445BBDDCE41A77FE203,
				876C8203229693AFE90DF61A,
				DBC8E8038BDB6BE5ED632699,
				FB91C96678211B998C94003A,
			);
			name = Resources;
			sourceTree = "<group>";
		};
		7616053A8A5F2396C1C703A5 /* Source */ = {
			isa = PBXGroup;
			children = (
				92B7AA47AC51F9F03741E54B,
				0E02BE5D48302FAAA03D38D3,
				2FD1B3D98497C50BE65E148F,
				48BF4A18280D1F68CDCD613C,
			);
			name = Source;
			sourceTree = "<group>";
		};
		79438237269BB654C2941BF5 /* JUCE Modules */ = {
			isa = PBXGroup;
			children = (
				57ECADF1C6B5F24C1653E663,
				A506DB160C06B77347A639A9,
				EE64A0BCE9C1358872A37C28,
				60558E9365030E4B3C2F7BE9,
				D249A71D64751656A7F8D68A,
				C9B64B4E832D2E5051D0F883,
				171EE866FC2487898031AF13,
				C32CC8BC03DB0899683FDDC3,
				28ADDEB8E9D462E99A58A341,
				9C4EFA832D4D2DED80930079,
				D48E17AB65C9CDBF4EB4B88F,
				B93005B0AD79F0D5106FA2C8,
				2B34410CD45FBBDA1C55C45D,
			);
			name = "JUCE Modules";
			sourceTree = "<group>";
		};
		B0E774C50E68CC3F31BD3C93 /* Data */ = {
			isa = PBXGroup;
			children = (
				7EA542AEDE767C7B4B3BBA27,
				D0873C8F903E0F7ED4518148,
				EA6C34694BE045345FF2B049,
				626E032CF0E517D90E05D2A1,
				4A37DF1791BFE847565EB8C2,
				FE19EC7E719427A058778BDC,
				08A8948DA0017A57B05B8C2A,
			);
			name = Data;
			sourceTree = "<group>";
		};
		B4447F021001139FB01B4A07 /* Products */ = {
			isa = PBXGroup;
			children = (
				BCB2539D9056C36781ADF9D3,
				FDB938C878F4C179D4C0A1A5,
				9F1517C61BBB592A2AACF34D,
				0484844111C681432B3A2BD7,
			);
			name = Products;
			sourceTree = "<group>";
		};
		B79B66421F637C1FD7457D6C /* Source */ = {
			isa = PBXGroup;
			children = (
				14E2D36CB429001B903AED07,
				79438237269BB654C2941BF5,
				B7E61F4A2AA3AA0927AED094,
				617DD4CEBA3B7A225970B172,
				E1F75971C4C2B409C8244F2F,
				B4447F021001139FB01B4A07,
			);
			name = Source;
			sourceTree = "<group>";
		};
		B7E61F4A2AA3AA0927AED094 /* JUCE Library Code */ = {
			isa = PBXGroup;
			children = (
				AB39F0D816E19F214D51B0F7,
				0DF8F078F5C0D61F97BD86B5,
				6F60D6E02F8C57D4F87504D9,
				EF5D7259E504E33845B34A52,
				FF086F1E6E1935B0634C6985,
				C69CCB22239232CB5BA1FE4B,
				13B5CD7BD84E600F2780A6F1,
				5E88681BA29F640C72D445F7,
				1A108F2B076A4F1DB84BE3B3,
				00BD06A7C6CA39D7F7B069A0,
				0F316F5775F50ACA7C1B0F04,
				8477FB256D8D472A4D42A1F0,
				61C4A021A21FA5BFF0C6067C,
				2EA8D07386628843F96B7849,
				C4579BAC8C00A9E2EB38FA99,
				28E91FE81F76FE8191F51089,
				F8191F98F5E67EF2F70B5079,
				7A3784744E013C0226B4DC44,
				14EE08F6FE4BB27E885048BE,
				6EAE174FC8278FB520DD036D,
				DE9CB2D716C508FD3CBF58C3,
				C06D8F08EF18760EB221485D,
				1EBF162B6191164E02BB196D,
			);
			name = "JUCE Library Code";
			sourceTree = "<group>";
		};
		E1F75971C4C2B409C8244F2F /* Frameworks */ = {
			isa = PBXGroup;
			children = (
				26E7605B53B06E4E47CA96A3,
				0D92455C62957BC319D05B67,
				8D1B97A7696E4D8F2D0CBB5B,
				26D01111505E202EA34D36E9,
				06B6A8AEB304E0F82848B87A,
				DD96905396BCE6A47A3EC73A,
				D9CB8D558BB21ECF77C5D9BD,
				D551C4266FFEE5AAC04BEF08,
				2BD8E7D93663170B5C64F130,
				4DE13BA8D8F6FDBC14324397,
				FC2B19B45442067915382F23,
				E13A8D75C6A275E22CE7C33E,
			);
			name = Frameworks;
			sourceTree = "<group>";
		};
/* End PBXGroup section */

/* Begin PBXNativeTarget section */
		05659EFA3C21192322842B99 /* PeakSynth - VST3 */ = {
			isa = PBXNativeTarget;
			buildConfigurationList = C014ACABE6280BA4EA7CDB4A;
			buildPhases = (
				9725BD74B2C89B8B02025708,
				D81DE60CDDF1C3B113EEC551,
				8C81EF398CF57178568A423B,
			);
			buildRules = (
			);
			dependencies = (
				F5599501665061FFFEBFD117,
			);
			name = "PeakSynth - VST3";
			productName = PeakSynth;
			productReference = BCB2539D9056C36781ADF9D3;
			productType = "com.apple.product-type.bundle";
		};
		2565CE70CB3F8D178F5C1F6C /* PeakSynth - Shared Code */ = {
			isa = PBXNativeTarget;
			buildConfigurationList = F840388BD8FCF830E964FCF8;
			buildPhases = (
				F6700E5060DA8F6E714F5E1B,
			);
			buildRules = (
			);
			dependencies = (
			);
			name = "PeakSynth - Shared Code";
			productName = PeakSynth;
			productReference = 0484844111C681432B3A2BD7;
			productType = "com.apple.product-type.library.static";
		};
		A9D01CA388B34874AD475841 /* PeakSynth - AU */ = {
			isa = PBXNativeTarget;
			buildConfigurationList = F86B1F8CF71927D0A25EBA2B;
			buildPhases = (
				470B7C44813B562FCD8A921A,
				A941D8248F06418A1EE389D5,
				2E1C47ABCE0846B7E5CC0A12,
			);
			buildRules = (
			);
			dependencies = (
				42EDBCE5048BD2C150D16B13,
			);
			name = "PeakSynth - AU";
			productName = PeakSynth;
			productReference = FDB938C878F4C179D4C0A1A5;
			productType = "com.apple.product-type.bundle";
		};
		D4D06AF111B22988DD78306E /* PeakSynth - Standalone Plugin */ = {
			isa = PBXNativeTarget;
			buildConfigurationList = 054B172F374B241709F3C5F2;
			buildPhases = (
				B00D1A38C58B0261F683C1B4,
				00023A4A9E57F2AC04B4D3DE,
				A7641878634B43C585A13D55,
			);
			buildRules = (
			);
			dependencies = (
				B09D561A74FDB748D3478DAC,
			);
			name = "PeakSynth - Standalone Plugin";
			productName = PeakSynth;
			productReference = 9F1517C61BBB592A2AACF34D;
			productType = "com.apple.product-type.application";
		};
/* End PBXNativeTarget section */

/* Begin PBXProject section */
		D8107B7D19828BE1181E8BB4 = {
			isa = PBXProject;
			attributes = {
				LastUpgradeCheck = 1340;
				ORGANIZATIONNAME = "Owen Prendergast";
				TargetAttributes = {
					05659EFA3C21192322842B99 = {
						SystemCapabilities = {
							com.apple.ApplicationGroups.iOS = {
								enabled = 0;
							};
							com.apple.HardenedRuntime = {
								enabled = 0;
							};
							com.apple.InAppPurchase = {
								enabled = 0;
							};
							com.apple.InterAppAudio = {
								enabled = 0;
							};
							com.apple.Push = {
								enabled = 0;
							};
							com.apple.Sandbox = {
								enabled = 0;
							};
						};
					};
					254518547437A8E8E3F2003D = {
						SystemCapabilities = {
							com.apple.ApplicationGroups.iOS = {
								enabled = 0;
							};
							com.apple.HardenedRuntime = {
								enabled = 0;
							};
							com.apple.InAppPurchase = {
								enabled = 0;
							};
							com.apple.InterAppAudio = {
								enabled = 0;
							};
							com.apple.Push = {
								enabled = 0;
							};
							com.apple.Sandbox = {
								enabled = 0;
							};
						};
					};
					2565CE70CB3F8D178F5C1F6C = {
						SystemCapabilities = {
							com.apple.ApplicationGroups.iOS = {
								enabled = 0;
							};
							com.apple.HardenedRuntime = {
								enabled = 0;
							};
							com.apple.InAppPurchase = {
								enabled = 0;
							};
							com.apple.InterAppAudio = {
								enabled = 0;
							};
							com.apple.Push = {
								enabled = 0;
							};
							com.apple.Sandbox = {
								enabled = 0;
							};
						};
					};
					A9D01CA388B34874AD475841 = {
						SystemCapabilities = {
							com.apple.ApplicationGroups.iOS = {
								enabled = 0;
							};
							com.apple.HardenedRuntime = {
								enabled = 0;
							};
							com.apple.InAppPurchase = {
								enabled = 0;
							};
							com.apple.InterAppAudio = {
								enabled = 0;
							};
							com.apple.Push = {
								enabled = 0;
							};
							com.apple.Sandbox = {
								enabled = 0;
							};
						};
					};
					D4D06AF111B22988DD78306E = {
						SystemCapabilities = {
							com.apple.ApplicationGroups.iOS = {
								enabled = 0;
							};
							com.apple.HardenedRuntime = {
								enabled = 0;
							};
							com.apple.InAppPurchase = {
								enabled = 0;
							};
							com.apple.InterAppAudio = {
								enabled = 0;
							};
							com.apple.Push = {
								enabled = 0;
							};
							com.apple.Sandbox = {
								enabled = 0;
							};
						};
					};
				};
			};
			buildConfigurationList = 942D1DF59F1CFA964F39E12A;
			compatibilityVersion = "Xcode 3.2";
			hasScannedForEncodings = 0;
			knownRegions = (
				en,
				Base,
			);
			mainGroup = B79B66421F637C1FD7457D6C;
			projectDirPath = "";
			projectRoot = "";
			targets = (
				254518547437A8E8E3F2003D,
				05659EFA3C21192322842B99,
				A9D01CA388B34874AD475841,
				D4D06AF111B22988DD78306E,
				2565CE70CB3F8D178F5C1F6C,
			);
		};
/* End PBXProject section */

/* Begin PBXResourcesBuildPhase section */
		470B7C44813B562FCD8A921A = {
			isa = PBXResourcesBuildPhase;
			buildActionMask = 2147483647;
			files = (
				F26ECD97DF09E52745C7401D,
			);
			runOnlyForDeploymentPostprocessing = 0;
		};
		9725BD74B2C89B8B02025708 = {
			isa = PBXResourcesBuildPhase;
			buildActionMask = 2147483647;
			files = (
				F26ECD97DF09E52745C7401D,
			);
			runOnlyForDeploymentPostprocessing = 0;
		};
		B00D1A38C58B0261F683C1B4 = {
			isa = PBXResourcesBuildPhase;
			buildActionMask = 2147483647;
			files = (
				F26ECD97DF09E52745C7401D,
			);
			runOnlyForDeploymentPostprocessing = 0;
		};
/* End PBXResourcesBuildPhase section */

/* Begin PBXSourcesBuildPhase section */
		00023A4A9E57F2AC04B4D3DE = {
			isa = PBXSourcesBuildPhase;
			buildActionMask = 2147483647;
			files = (
				D8E508C4510D7A03B8F48DB8,
			);
			runOnlyForDeploymentPostprocessing = 0;
		};
		A941D8248F06418A1EE389D5 = {
			isa = PBXSourcesBuildPhase;
			buildActionMask = 2147483647;
			files = (
				FD05FD6A93479CD69564704A,
				D7DA03B714C7E56D94ADC171,
			);
			runOnlyForDeploymentPostprocessing = 0;
		};
		D81DE60CDDF1C3B113EEC551 = {
			isa = PBXSourcesBuildPhase;
			buildActionMask = 2147483647;
			files = (
				0218DE301D401B49804AF4DF,
			);
			runOnlyForDeploymentPostprocessing = 0;
		};
		F6700E5060DA8F6E714F5E1B = {
			isa = PBXSourcesBuildPhase;
			buildActionMask = 2147483647;
			files = (
				88B0C27CD2D88063A86410CF,
				C02970967FE09F83A27DD553,
				13D3533CCEA6C2004D18CF91,
				8DF3DAED2D0ED49D01862AFB,
				A134390E16C1E203A0761C9E,
				2F7B24B5E864A2E3A50E99C2,
				051B5723D333B566DF8A47CD,
				54C2F7BFD272366DF942F55B,
				A58D7ADA47E1BE6678B639FB,
				C937F1FCDF08C39E8BC4D803,
				7D10E5A719E1F0D315A5B777,
				A8F032AD2CB0726D9A012798,
				BA4E36182654EA6ABCF429BB,
				374E5B497E2CA02F384DA8A6,
				8F72A9D979210DF9BBB5F03F,
				F9A8E0536C1FD4D62CC65BAF,
				B77133DF917F8FBA7E107BD1,
				01AA15F10257BB3A0E7D24DB,
				204BFD3AB5E47763BEDEB604,
				0814BCC4F267051815A6AF05,
				7C778545B2A06AB1603469EB,
				1E5FD2BA8F89378DFDDDDD71,
				3972329170885B8610DB3924,
				C0ECFE73400DB9BB43B9C201,
			);
			runOnlyForDeploymentPostprocessing = 0;
		};
/* End PBXSourcesBuildPhase section */

/* Begin PBXTargetDependency section */
		42EDBCE5048BD2C150D16B13 = {
			isa = PBXTargetDependency;
			target = 2565CE70CB3F8D178F5C1F6C;
		};
		52CDF8ED6FC62C9D8EC8A75F = {
			isa = PBXTargetDependency;
			target = 2565CE70CB3F8D178F5C1F6C;
		};
		693769FD7DD7E686ABF2EC03 = {
			isa = PBXTargetDependency;
			target = 05659EFA3C21192322842B99;
		};
		B09D561A74FDB748D3478DAC = {
			isa = PBXTargetDependency;
			target = 2565CE70CB3F8D178F5C1F6C;
		};
		C053B5FDD0FBEC9E15CC181F = {
			isa = PBXTargetDependency;
			target = D4D06AF111B22988DD78306E;
		};
		F5599501665061FFFEBFD117 = {
			isa = PBXTargetDependency;
			target = 2565CE70CB3F8D178F5C1F6C;
		};
		F8A607C267C66B60E557E542 = {
			isa = PBXTargetDependency;
			target = A9D01CA388B34874AD475841;
		};
/* End PBXTargetDependency section */

/* Begin XCBuildConfiguration section */
		0F0482983E39AA187DDECC76 /* Release */ = {
			isa = XCBuildConfiguration;
			buildSettings = {
				CLANG_CXX_LANGUAGE_STANDARD = "c++17";
				CLANG_CXX_LIBRARY = "libc++";
				CLANG_LINK_OBJC_RUNTIME = NO;
				COMBINE_HIDPI_IMAGES = YES;
				CONFIGURATION_BUILD_DIR = "$(PROJECT_DIR)/build/$(CONFIGURATION)";
				DEAD_CODE_STRIPPING = YES;
				EXCLUDED_ARCHS = "";
				GCC_GENERATE_DEBUGGING_SYMBOLS = NO;
				GCC_OPTIMIZATION_LEVEL = 3;
				GCC_PREPROCESSOR_DEFINITIONS = (
					"_NDEBUG=1",
					"NDEBUG=1",
					"JUCE_DISPLAY_SPLASH_SCREEN=1",
					"JUCE_USE_DARK_SPLASH_SCREEN=1",
					"JUCE_PROJUCER_VERSION=0x70005",
					"JUCE_MODULE_AVAILABLE_juce_audio_basics=1",
					"JUCE_MODULE_AVAILABLE_juce_audio_devices=1",
					"JUCE_MODULE_AVAILABLE_juce_audio_formats=1",
					"JUCE_MODULE_AVAILABLE_juce_audio_plugin_client=1",
					"JUCE_MODULE_AVAILABLE_juce_audio_processors=1",
					"JUCE_MODULE_AVAILABLE_juce_audio_utils=1",
					"JUCE_MODULE_AVAILABLE_juce_core=1",
					"JUCE_MODULE_AVAILABLE_juce_data_structures=1",
					"JUCE_MODULE_AVAILABLE_juce_dsp=1",
					"JUCE_MODULE_AVAILABLE_juce_events=1",
					"JUCE_MODULE_AVAILABLE_juce_graphics=1",
					"JUCE_MODULE_AVAILABLE_juce_gui_basics=1",
					"JUCE_MODULE_AVAILABLE_juce_gui_extra=1",
					"JUCE_GLOBAL_MODULE_SETTINGS_INCLUDED=1",
					"JUCE_VST3_CAN_REPLACE_VST2=0",
					"JUCE_STRICT_REFCOUNTEDPOINTER=1",
					"JucePlugin_Build_VST=0",
					"JucePlugin_Build_VST3=1",
					"JucePlugin_Build_AU=1",
					"JucePlugin_Build_AUv3=0",
					"JucePlugin_Build_AAX=0",
					"JucePlugin_Build_Standalone=1",
					"JucePlugin_Build_Unity=0",
					"JucePlugin_Build_LV2=0",
					"JucePlugin_Enable_IAA=0",
					"JucePlugin_Enable_ARA=0",
					"JucePlugin_Name=\\\"PeakSynth\\\"",
					"JucePlugin_Desc=\\\"PeakSynth\\\"",
					"JucePlugin_Manufacturer=\\\"Owen\\ Prendergast\\\"",
					"JucePlugin_ManufacturerWebsite=\\\"https://github.com/owennjpr\\\"",
					"JucePlugin_ManufacturerEmail=\\\"owenprendergast8@gmail.com\\\"",
					"JucePlugin_ManufacturerCode=0x4d616e75",
					"JucePlugin_PluginCode=0x57687a30",
					"JucePlugin_IsSynth=1",
					"JucePlugin_WantsMidiInput=1",
					"JucePlugin_ProducesMidiOutput=0",
					"JucePlugin_IsMidiEffect=0",
					"JucePlugin_EditorRequiresKeyboardFocus=0",
					"JucePlugin_Version=1.0.0",
					"JucePlugin_VersionCode=0x10000",
					"JucePlugin_VersionString=\\\"1.0.0\\\"",
					"JucePlugin_VSTUniqueID=JucePlugin_PluginCode",
					"JucePlugin_VSTCategory=kPlugCategSynth",
					"JucePlugin_Vst3Category=\\\"Instrument|Synth\\\"",
					"JucePlugin_AUMainType=\\'aumu\\'",
					"JucePlugin_AUSubType=JucePlugin_PluginCode",
					"JucePlugin_AUExportPrefix=PeakSynthAU",
					"JucePlugin_AUExportPrefixQuoted=\\\"PeakSynthAU\\\"",
					"JucePlugin_AUManufacturerCode=JucePlugin_ManufacturerCode",
					"JucePlugin_CFBundleIdentifier=com.OwenPrendergast.PeakSynth",
					"JucePlugin_AAXIdentifier=com.OwenPrendergast.PeakSynth",
					"JucePlugin_AAXManufacturerCode=JucePlugin_ManufacturerCode",
					"JucePlugin_AAXProductId=JucePlugin_PluginCode",
					"JucePlugin_AAXCategory=2048",
					"JucePlugin_AAXDisableBypass=0",
					"JucePlugin_AAXDisableMultiMono=0",
					"JucePlugin_IAAType=0x61757269",
					"JucePlugin_IAASubType=JucePlugin_PluginCode",
					"JucePlugin_IAAName=\\\"Owen\\ Prendergast:\\ PeakSynth\\\"",
					"JucePlugin_VSTNumMidiInputs=16",
					"JucePlugin_VSTNumMidiOutputs=16",
					"JucePlugin_ARAContentTypes=0",
					"JucePlugin_ARATransformationFlags=0",
					"JucePlugin_ARAFactoryID=\\\"com.OwenPrendergast.PeakSynth.factory\\\"",
					"JucePlugin_ARADocumentArchiveID=\\\"com.OwenPrendergast.PeakSynth.aradocumentarchive.1.0.0\\\"",
					"JucePlugin_ARACompatibleArchiveIDs=\\\"\\\"",
					"JUCE_STANDALONE_APPLICATION=JucePlugin_Build_Standalone",
					"JUCER_XCODE_MAC_F6D2F4CF=1",
					"JUCE_APP_VERSION=1.0.0",
					"JUCE_APP_VERSION_HEX=0x10000",
					"JUCE_SHARED_CODE=1",
				);
				GCC_VERSION = com.apple.compilers.llvm.clang.1_0;
				HEADER_SEARCH_PATHS = (
					"/Users/owenprendergast/Documents/JUCE/modules/juce_audio_processors/format_types/VST3_SDK",
					"$(SRCROOT)/../../JuceLibraryCode",
					"/Users/owenprendergast/Documents/JUCE/modules",
					"/Users/owenprendergast/Documents/JUCE/modules/juce_audio_plugin_client/AU",
					"$(inherited)",
				);
				INSTALL_PATH = "@executable_path/../Frameworks";
				LLVM_LTO = YES;
				MACOSX_DEPLOYMENT_TARGET = 10.13;
				MTL_HEADER_SEARCH_PATHS = "/Users/owenprendergast/Documents/JUCE/modules/juce_audio_processors/format_types/VST3_SDK $(SRCROOT)/../../JuceLibraryCode /Users/owenprendergast/Documents/JUCE/modules /Users/owenprendergast/Documents/JUCE/modules/juce_audio_plugin_client/AU";
				OTHER_LDFLAGS = "-weak_framework Metal -weak_framework MetalKit";
				PRODUCT_BUNDLE_IDENTIFIER = com.OwenPrendergast.PeakSynth;
				PRODUCT_NAME = "PeakSynth";
				SKIP_INSTALL = YES;
				USE_HEADERMAP = NO;
				VALID_ARCHS = "i386 x86_64 arm64 arm64e";
			};
			name = Release;
		};
		15AB2DF646A0B7A25633C24F /* Debug */ = {
			isa = XCBuildConfiguration;
			buildSettings = {
				CLANG_CXX_LANGUAGE_STANDARD = "c++17";
				CLANG_CXX_LIBRARY = "libc++";
				CLANG_LINK_OBJC_RUNTIME = NO;
				COMBINE_HIDPI_IMAGES = YES;
				CONFIGURATION_BUILD_DIR = "$(PROJECT_DIR)/build/$(CONFIGURATION)";
				COPY_PHASE_STRIP = NO;
				EXCLUDED_ARCHS = "";
				GCC_DYNAMIC_NO_PIC = NO;
				GCC_OPTIMIZATION_LEVEL = 0;
				GCC_PREPROCESSOR_DEFINITIONS = (
					"_DEBUG=1",
					"DEBUG=1",
					"JUCE_DISPLAY_SPLASH_SCREEN=1",
					"JUCE_USE_DARK_SPLASH_SCREEN=1",
					"JUCE_PROJUCER_VERSION=0x70005",
					"JUCE_MODULE_AVAILABLE_juce_audio_basics=1",
					"JUCE_MODULE_AVAILABLE_juce_audio_devices=1",
					"JUCE_MODULE_AVAILABLE_juce_audio_formats=1",
					"JUCE_MODULE_AVAILABLE_juce_audio_plugin_client=1",
					"JUCE_MODULE_AVAILABLE_juce_audio_processors=1",
					"JUCE_MODULE_AVAILABLE_juce_audio_utils=1",
					"JUCE_MODULE_AVAILABLE_juce_core=1",
					"JUCE_MODULE_AVAILABLE_juce_data_structures=1",
					"JUCE_MODULE_AVAILABLE_juce_dsp=1",
					"JUCE_MODULE_AVAILABLE_juce_events=1",
					"JUCE_MODULE_AVAILABLE_juce_graphics=1",
					"JUCE_MODULE_AVAILABLE_juce_gui_basics=1",
					"JUCE_MODULE_AVAILABLE_juce_gui_extra=1",
					"JUCE_GLOBAL_MODULE_SETTINGS_INCLUDED=1",
					"JUCE_VST3_CAN_REPLACE_VST2=0",
					"JUCE_STRICT_REFCOUNTEDPOINTER=1",
					"JucePlugin_Build_VST=0",
					"JucePlugin_Build_VST3=0",
					"JucePlugin_Build_AU=0",
					"JucePlugin_Build_AUv3=0",
					"JucePlugin_Build_AAX=0",
					"JucePlugin_Build_Standalone=1",
					"JucePlugin_Build_Unity=0",
					"JucePlugin_Build_LV2=0",
					"JucePlugin_Enable_IAA=0",
					"JucePlugin_Enable_ARA=0",
					"JucePlugin_Name=\\\"PeakSynth\\\"",
					"JucePlugin_Desc=\\\"PeakSynth\\\"",
					"JucePlugin_Manufacturer=\\\"Owen\\ Prendergast\\\"",
					"JucePlugin_ManufacturerWebsite=\\\"https://github.com/owennjpr\\\"",
					"JucePlugin_ManufacturerEmail=\\\"owenprendergast8@gmail.com\\\"",
					"JucePlugin_ManufacturerCode=0x4d616e75",
					"JucePlugin_PluginCode=0x57687a30",
					"JucePlugin_IsSynth=1",
					"JucePlugin_WantsMidiInput=1",
					"JucePlugin_ProducesMidiOutput=0",
					"JucePlugin_IsMidiEffect=0",
					"JucePlugin_EditorRequiresKeyboardFocus=0",
					"JucePlugin_Version=1.0.0",
					"JucePlugin_VersionCode=0x10000",
					"JucePlugin_VersionString=\\\"1.0.0\\\"",
					"JucePlugin_VSTUniqueID=JucePlugin_PluginCode",
					"JucePlugin_VSTCategory=kPlugCategSynth",
					"JucePlugin_Vst3Category=\\\"Instrument|Synth\\\"",
					"JucePlugin_AUMainType=\\'aumu\\'",
					"JucePlugin_AUSubType=JucePlugin_PluginCode",
					"JucePlugin_AUExportPrefix=PeakSynthAU",
					"JucePlugin_AUExportPrefixQuoted=\\\"PeakSynthAU\\\"",
					"JucePlugin_AUManufacturerCode=JucePlugin_ManufacturerCode",
					"JucePlugin_CFBundleIdentifier=com.OwenPrendergast.PeakSynth",
					"JucePlugin_AAXIdentifier=com.OwenPrendergast.PeakSynth",
					"JucePlugin_AAXManufacturerCode=JucePlugin_ManufacturerCode",
					"JucePlugin_AAXProductId=JucePlugin_PluginCode",
					"JucePlugin_AAXCategory=2048",
					"JucePlugin_AAXDisableBypass=0",
					"JucePlugin_AAXDisableMultiMono=0",
					"JucePlugin_IAAType=0x61757269",
					"JucePlugin_IAASubType=JucePlugin_PluginCode",
					"JucePlugin_IAAName=\\\"Owen\\ Prendergast:\\ PeakSynth\\\"",
					"JucePlugin_VSTNumMidiInputs=16",
					"JucePlugin_VSTNumMidiOutputs=16",
					"JucePlugin_ARAContentTypes=0",
					"JucePlugin_ARATransformationFlags=0",
					"JucePlugin_ARAFactoryID=\\\"com.OwenPrendergast.PeakSynth.factory\\\"",
					"JucePlugin_ARADocumentArchiveID=\\\"com.OwenPrendergast.PeakSynth.aradocumentarchive.1.0.0\\\"",
					"JucePlugin_ARACompatibleArchiveIDs=\\\"\\\"",
					"JUCE_STANDALONE_APPLICATION=JucePlugin_Build_Standalone",
					"JUCER_XCODE_MAC_F6D2F4CF=1",
					"JUCE_APP_VERSION=1.0.0",
					"JUCE_APP_VERSION_HEX=0x10000",
				);
				GCC_VERSION = com.apple.compilers.llvm.clang.1_0;
				HEADER_SEARCH_PATHS = (
					"/Users/owenprendergast/Documents/JUCE/modules/juce_audio_processors/format_types/VST3_SDK",
					"$(SRCROOT)/../../JuceLibraryCode",
					"/Users/owenprendergast/Documents/JUCE/modules",
					"/Users/owenprendergast/Documents/JUCE/modules/juce_audio_plugin_client/AU",
					"$(inherited)",
				);
				INFOPLIST_FILE = Info-Standalone_Plugin.plist;
				INFOPLIST_PREPROCESS = NO;
				MACOSX_DEPLOYMENT_TARGET = 10.13;
				MTL_HEADER_SEARCH_PATHS = "/Users/owenprendergast/Documents/JUCE/modules/juce_audio_processors/format_types/VST3_SDK $(SRCROOT)/../../JuceLibraryCode /Users/owenprendergast/Documents/JUCE/modules /Users/owenprendergast/Documents/JUCE/modules/juce_audio_plugin_client/AU";
				OTHER_LDFLAGS = "-lPeakSynth -weak_framework Metal -weak_framework MetalKit";
				PRODUCT_BUNDLE_IDENTIFIER = com.OwenPrendergast.PeakSynth;
				PRODUCT_NAME = "PeakSynth";
				USE_HEADERMAP = NO;
				VALID_ARCHS = "i386 x86_64 arm64 arm64e";
			};
			name = Debug;
		};
		3226881D2516CAB769D6471C /* Debug */ = {
			isa = XCBuildConfiguration;
			buildSettings = {
				ALWAYS_SEARCH_USER_PATHS = NO;
				CLANG_ENABLE_OBJC_WEAK = YES;
				CLANG_WARN_BLOCK_CAPTURE_AUTORELEASING = YES;
				CLANG_WARN_BOOL_CONVERSION = YES;
				CLANG_WARN_COMMA = YES;
				CLANG_WARN_CONSTANT_CONVERSION = YES;
				CLANG_WARN_DEPRECATED_OBJC_IMPLEMENTATIONS = YES;
				CLANG_WARN_EMPTY_BODY = YES;
				CLANG_WARN_ENUM_CONVERSION = YES;
				CLANG_WARN_INFINITE_RECURSION = YES;
				CLANG_WARN_INT_CONVERSION = YES;
				CLANG_WARN_NON_LITERAL_NULL_CONVERSION = YES;
				CLANG_WARN_OBJC_IMPLICIT_RETAIN_SELF = YES;
				CLANG_WARN_OBJC_LITERAL_CONVERSION = YES;
				CLANG_WARN_RANGE_LOOP_ANALYSIS = YES;
				CLANG_WARN_STRICT_PROTOTYPES = YES;
				CLANG_WARN_SUSPICIOUS_MOVE = YES;
				CLANG_WARN_UNREACHABLE_CODE = YES;
				CLANG_WARN__DUPLICATE_METHOD_MATCH = YES;
				DEBUG_INFORMATION_FORMAT = dwarf;
				ENABLE_STRICT_OBJC_MSGSEND = YES;
				ENABLE_TESTABILITY = NO;
				GCC_C_LANGUAGE_STANDARD = c11;
				GCC_INLINES_ARE_PRIVATE_EXTERN = YES;
				GCC_MODEL_TUNING = G5;
				GCC_NO_COMMON_BLOCKS = YES;
				GCC_SYMBOLS_PRIVATE_EXTERN = YES;
				GCC_WARN_64_TO_32_BIT_CONVERSION = YES;
				GCC_WARN_ABOUT_RETURN_TYPE = YES;
				GCC_WARN_CHECK_SWITCH_STATEMENTS = YES;
				GCC_WARN_MISSING_PARENTHESES = YES;
				GCC_WARN_NON_VIRTUAL_DESTRUCTOR = YES;
				GCC_WARN_TYPECHECK_CALLS_TO_PRINTF = YES;
				GCC_WARN_UNDECLARED_SELECTOR = YES;
				GCC_WARN_UNINITIALIZED_AUTOS = YES;
				GCC_WARN_UNUSED_FUNCTION = YES;
				GCC_WARN_UNUSED_VARIABLE = YES;
				ONLY_ACTIVE_ARCH = YES;
				PRODUCT_NAME = "PeakSynth";
				SDKROOT = macosx;
				WARNING_CFLAGS = "-Wreorder";
				ZERO_LINK = NO;
			};
			name = Debug;
		};
		3AD8319C99822D079250680F /* Debug */ = {
			isa = XCBuildConfiguration;
			buildSettings = {
				CLANG_CXX_LANGUAGE_STANDARD = "c++17";
				CLANG_CXX_LIBRARY = "libc++";
				CLANG_LINK_OBJC_RUNTIME = NO;
				COMBINE_HIDPI_IMAGES = YES;
				CONFIGURATION_BUILD_DIR = "$(PROJECT_DIR)/build/$(CONFIGURATION)";
				COPY_PHASE_STRIP = NO;
				EXCLUDED_ARCHS = "";
				GCC_DYNAMIC_NO_PIC = NO;
				GCC_OPTIMIZATION_LEVEL = 0;
				GCC_PREPROCESSOR_DEFINITIONS = (
					"_DEBUG=1",
					"DEBUG=1",
					"JUCE_DISPLAY_SPLASH_SCREEN=1",
					"JUCE_USE_DARK_SPLASH_SCREEN=1",
					"JUCE_PROJUCER_VERSION=0x70005",
					"JUCE_MODULE_AVAILABLE_juce_audio_basics=1",
					"JUCE_MODULE_AVAILABLE_juce_audio_devices=1",
					"JUCE_MODULE_AVAILABLE_juce_audio_formats=1",
					"JUCE_MODULE_AVAILABLE_juce_audio_plugin_client=1",
					"JUCE_MODULE_AVAILABLE_juce_audio_processors=1",
					"JUCE_MODULE_AVAILABLE_juce_audio_utils=1",
					"JUCE_MODULE_AVAILABLE_juce_core=1",
					"JUCE_MODULE_AVAILABLE_juce_data_structures=1",
					"JUCE_MODULE_AVAILABLE_juce_dsp=1",
					"JUCE_MODULE_AVAILABLE_juce_events=1",
					"JUCE_MODULE_AVAILABLE_juce_graphics=1",
					"JUCE_MODULE_AVAILABLE_juce_gui_basics=1",
					"JUCE_MODULE_AVAILABLE_juce_gui_extra=1",
					"JUCE_GLOBAL_MODULE_SETTINGS_INCLUDED=1",
					"JUCE_VST3_CAN_REPLACE_VST2=0",
					"JUCE_STRICT_REFCOUNTEDPOINTER=1",
					"JucePlugin_Build_VST=0",
					"JucePlugin_Build_VST3=1",
					"JucePlugin_Build_AU=1",
					"JucePlugin_Build_AUv3=0",
					"JucePlugin_Build_AAX=0",
					"JucePlugin_Build_Standalone=1",
					"JucePlugin_Build_Unity=0",
					"JucePlugin_Build_LV2=0",
					"JucePlugin_Enable_IAA=0",
					"JucePlugin_Enable_ARA=0",
					"JucePlugin_Name=\\\"PeakSynth\\\"",
					"JucePlugin_Desc=\\\"PeakSynth\\\"",
					"JucePlugin_Manufacturer=\\\"Owen\\ Prendergast\\\"",
					"JucePlugin_ManufacturerWebsite=\\\"https://github.com/owennjpr\\\"",
					"JucePlugin_ManufacturerEmail=\\\"owenprendergast8@gmail.com\\\"",
					"JucePlugin_ManufacturerCode=0x4d616e75",
					"JucePlugin_PluginCode=0x57687a30",
					"JucePlugin_IsSynth=1",
					"JucePlugin_WantsMidiInput=1",
					"JucePlugin_ProducesMidiOutput=0",
					"JucePlugin_IsMidiEffect=0",
					"JucePlugin_EditorRequiresKeyboardFocus=0",
					"JucePlugin_Version=1.0.0",
					"JucePlugin_VersionCode=0x10000",
					"JucePlugin_VersionString=\\\"1.0.0\\\"",
					"JucePlugin_VSTUniqueID=JucePlugin_PluginCode",
					"JucePlugin_VSTCategory=kPlugCategSynth",
					"JucePlugin_Vst3Category=\\\"Instrument|Synth\\\"",
					"JucePlugin_AUMainType=\\'aumu\\'",
					"JucePlugin_AUSubType=JucePlugin_PluginCode",
					"JucePlugin_AUExportPrefix=PeakSynthAU",
					"JucePlugin_AUExportPrefixQuoted=\\\"PeakSynthAU\\\"",
					"JucePlugin_AUManufacturerCode=JucePlugin_ManufacturerCode",
					"JucePlugin_CFBundleIdentifier=com.OwenPrendergast.PeakSynth",
					"JucePlugin_AAXIdentifier=com.OwenPrendergast.PeakSynth",
					"JucePlugin_AAXManufacturerCode=JucePlugin_ManufacturerCode",
					"JucePlugin_AAXProductId=JucePlugin_PluginCode",
					"JucePlugin_AAXCategory=2048",
					"JucePlugin_AAXDisableBypass=0",
					"JucePlugin_AAXDisableMultiMono=0",
					"JucePlugin_IAAType=0x61757269",
					"JucePlugin_IAASubType=JucePlugin_PluginCode",
					"JucePlugin_IAAName=\\\"Owen\\ Prendergast:\\ PeakSynth\\\"",
					"JucePlugin_VSTNumMidiInputs=16",
					"JucePlugin_VSTNumMidiOutputs=16",
					"JucePlugin_ARAContentTypes=0",
					"JucePlugin_ARATransformationFlags=0",
					"JucePlugin_ARAFactoryID=\\\"com.OwenPrendergast.PeakSynth.factory\\\"",
					"JucePlugin_ARADocumentArchiveID=\\\"com.OwenPrendergast.PeakSynth.aradocumentarchive.1.0.0\\\"",
					"JucePlugin_ARACompatibleArchiveIDs=\\\"\\\"",
					"JUCE_STANDALONE_APPLICATION=JucePlugin_Build_Standalone",
					"JUCER_XCODE_MAC_F6D2F4CF=1",
					"JUCE_APP_VERSION=1.0.0",
					"JUCE_APP_VERSION_HEX=0x10000",
					"JUCE_SHARED_CODE=1",
				);
				GCC_VERSION = com.apple.compilers.llvm.clang.1_0;
				HEADER_SEARCH_PATHS = (
					"/Users/owenprendergast/Documents/JUCE/modules/juce_audio_processors/format_types/VST3_SDK",
					"$(SRCROOT)/../../JuceLibraryCode",
					"/Users/owenprendergast/Documents/JUCE/modules",
					"/Users/owenprendergast/Documents/JUCE/modules/juce_audio_plugin_client/AU",
					"$(inherited)",
				);
				INSTALL_PATH = "@executable_path/../Frameworks";
				MACOSX_DEPLOYMENT_TARGET = 10.13;
				MTL_HEADER_SEARCH_PATHS = "/Users/owenprendergast/Documents/JUCE/modules/juce_audio_processors/format_types/VST3_SDK $(SRCROOT)/../../JuceLibraryCode /Users/owenprendergast/Documents/JUCE/modules /Users/owenprendergast/Documents/JUCE/modules/juce_audio_plugin_client/AU";
				OTHER_LDFLAGS = "-weak_framework Metal -weak_framework MetalKit";
				PRODUCT_BUNDLE_IDENTIFIER = com.OwenPrendergast.PeakSynth;
				PRODUCT_NAME = "PeakSynth";
				SKIP_INSTALL = YES;
				USE_HEADERMAP = NO;
				VALID_ARCHS = "i386 x86_64 arm64 arm64e";
			};
			name = Debug;
		};
		54A4CF6F3FAF7BF61ACFDE6B /* Release */ = {
			isa = XCBuildConfiguration;
			buildSettings = {
				CLANG_CXX_LANGUAGE_STANDARD = "c++17";
				CLANG_CXX_LIBRARY = "libc++";
				CLANG_LINK_OBJC_RUNTIME = NO;
				COMBINE_HIDPI_IMAGES = YES;
				CONFIGURATION_BUILD_DIR = "$(PROJECT_DIR)/build/$(CONFIGURATION)";
				DEAD_CODE_STRIPPING = YES;
				EXCLUDED_ARCHS = "";
				GCC_GENERATE_DEBUGGING_SYMBOLS = NO;
				GCC_OPTIMIZATION_LEVEL = 3;
				GCC_PREPROCESSOR_DEFINITIONS = (
					"_NDEBUG=1",
					"NDEBUG=1",
					"JUCE_DISPLAY_SPLASH_SCREEN=1",
					"JUCE_USE_DARK_SPLASH_SCREEN=1",
					"JUCE_PROJUCER_VERSION=0x70005",
					"JUCE_MODULE_AVAILABLE_juce_audio_basics=1",
					"JUCE_MODULE_AVAILABLE_juce_audio_devices=1",
					"JUCE_MODULE_AVAILABLE_juce_audio_formats=1",
					"JUCE_MODULE_AVAILABLE_juce_audio_plugin_client=1",
					"JUCE_MODULE_AVAILABLE_juce_audio_processors=1",
					"JUCE_MODULE_AVAILABLE_juce_audio_utils=1",
					"JUCE_MODULE_AVAILABLE_juce_core=1",
					"JUCE_MODULE_AVAILABLE_juce_data_structures=1",
					"JUCE_MODULE_AVAILABLE_juce_dsp=1",
					"JUCE_MODULE_AVAILABLE_juce_events=1",
					"JUCE_MODULE_AVAILABLE_juce_graphics=1",
					"JUCE_MODULE_AVAILABLE_juce_gui_basics=1",
					"JUCE_MODULE_AVAILABLE_juce_gui_extra=1",
					"JUCE_GLOBAL_MODULE_SETTINGS_INCLUDED=1",
					"JUCE_VST3_CAN_REPLACE_VST2=0",
					"JUCE_STRICT_REFCOUNTEDPOINTER=1",
					"JucePlugin_Build_VST=0",
					"JucePlugin_Build_VST3=0",
					"JucePlugin_Build_AU=0",
					"JucePlugin_Build_AUv3=0",
					"JucePlugin_Build_AAX=0",
					"JucePlugin_Build_Standalone=1",
					"JucePlugin_Build_Unity=0",
					"JucePlugin_Build_LV2=0",
					"JucePlugin_Enable_IAA=0",
					"JucePlugin_Enable_ARA=0",
					"JucePlugin_Name=\\\"PeakSynth\\\"",
					"JucePlugin_Desc=\\\"PeakSynth\\\"",
					"JucePlugin_Manufacturer=\\\"Owen\\ Prendergast\\\"",
					"JucePlugin_ManufacturerWebsite=\\\"https://github.com/owennjpr\\\"",
					"JucePlugin_ManufacturerEmail=\\\"owenprendergast8@gmail.com\\\"",
					"JucePlugin_ManufacturerCode=0x4d616e75",
					"JucePlugin_PluginCode=0x57687a30",
					"JucePlugin_IsSynth=1",
					"JucePlugin_WantsMidiInput=1",
					"JucePlugin_ProducesMidiOutput=0",
					"JucePlugin_IsMidiEffect=0",
					"JucePlugin_EditorRequiresKeyboardFocus=0",
					"JucePlugin_Version=1.0.0",
					"JucePlugin_VersionCode=0x10000",
					"JucePlugin_VersionString=\\\"1.0.0\\\"",
					"JucePlugin_VSTUniqueID=JucePlugin_PluginCode",
					"JucePlugin_VSTCategory=kPlugCategSynth",
					"JucePlugin_Vst3Category=\\\"Instrument|Synth\\\"",
					"JucePlugin_AUMainType=\\'aumu\\'",
					"JucePlugin_AUSubType=JucePlugin_PluginCode",
					"JucePlugin_AUExportPrefix=PeakSynthAU",
					"JucePlugin_AUExportPrefixQuoted=\\\"PeakSynthAU\\\"",
					"JucePlugin_AUManufacturerCode=JucePlugin_ManufacturerCode",
					"JucePlugin_CFBundleIdentifier=com.OwenPrendergast.PeakSynth",
					"JucePlugin_AAXIdentifier=com.OwenPrendergast.PeakSynth",
					"JucePlugin_AAXManufacturerCode=JucePlugin_ManufacturerCode",
					"JucePlugin_AAXProductId=JucePlugin_PluginCode",
					"JucePlugin_AAXCategory=2048",
					"JucePlugin_AAXDisableBypass=0",
					"JucePlugin_AAXDisableMultiMono=0",
					"JucePlugin_IAAType=0x61757269",
					"JucePlugin_IAASubType=JucePlugin_PluginCode",
					"JucePlugin_IAAName=\\\"Owen\\ Prendergast:\\ PeakSynth\\\"",
					"JucePlugin_VSTNumMidiInputs=16",
					"JucePlugin_VSTNumMidiOutputs=16",
					"JucePlugin_ARAContentTypes=0",
					"JucePlugin_ARATransformationFlags=0",
					"JucePlugin_ARAFactoryID=\\\"com.OwenPrendergast.PeakSynth.factory\\\"",
					"JucePlugin_ARADocumentArchiveID=\\\"com.OwenPrendergast.PeakSynth.aradocumentarchive.1.0.0\\\"",
					"JucePlugin_ARACompatibleArchiveIDs=\\\"\\\"",
					"JUCE_STANDALONE_APPLICATION=JucePlugin_Build_Standalone",
					"JUCER_XCODE_MAC_F6D2F4CF=1",
					"JUCE_APP_VERSION=1.0.0",
					"JUCE_APP_VERSION_HEX=0x10000",
				);
				GCC_VERSION = com.apple.compilers.llvm.clang.1_0;
				HEADER_SEARCH_PATHS = (
					"/Users/owenprendergast/Documents/JUCE/modules/juce_audio_processors/format_types/VST3_SDK",
					"$(SRCROOT)/../../JuceLibraryCode",
					"/Users/owenprendergast/Documents/JUCE/modules",
					"/Users/owenprendergast/Documents/JUCE/modules/juce_audio_plugin_client/AU",
					"$(inherited)",
				);
				INFOPLIST_FILE = Info-Standalone_Plugin.plist;
				INFOPLIST_PREPROCESS = NO;
				LLVM_LTO = YES;
				MACOSX_DEPLOYMENT_TARGET = 10.13;
				MTL_HEADER_SEARCH_PATHS = "/Users/owenprendergast/Documents/JUCE/modules/juce_audio_processors/format_types/VST3_SDK $(SRCROOT)/../../JuceLibraryCode /Users/owenprendergast/Documents/JUCE/modules /Users/owenprendergast/Documents/JUCE/modules/juce_audio_plugin_client/AU";
				OTHER_LDFLAGS = "-lPeakSynth -weak_framework Metal -weak_framework MetalKit";
				PRODUCT_BUNDLE_IDENTIFIER = com.OwenPrendergast.PeakSynth;
				PRODUCT_NAME = "PeakSynth";
				USE_HEADERMAP = NO;
				VALID_ARCHS = "i386 x86_64 arm64 arm64e";
			};
			name = Release;
		};
		6F9D1D13BB947405BADAA4CF /* Release */ = {
			isa = XCBuildConfiguration;
			buildSettings = {
				CLANG_CXX_LANGUAGE_STANDARD = "c++17";
				CLANG_CXX_LIBRARY = "libc++";
				CLANG_LINK_OBJC_RUNTIME = NO;
				COMBINE_HIDPI_IMAGES = YES;
				CONFIGURATION_BUILD_DIR = "$(PROJECT_DIR)/build/$(CONFIGURATION)";
				DEAD_CODE_STRIPPING = YES;
				DEPLOYMENT_LOCATION = YES;
				DSTROOT = /;
				EXCLUDED_ARCHS = "";
				GCC_GENERATE_DEBUGGING_SYMBOLS = NO;
				GCC_OPTIMIZATION_LEVEL = 3;
				GCC_PREPROCESSOR_DEFINITIONS = (
					"_NDEBUG=1",
					"NDEBUG=1",
					"JUCE_DISPLAY_SPLASH_SCREEN=1",
					"JUCE_USE_DARK_SPLASH_SCREEN=1",
					"JUCE_PROJUCER_VERSION=0x70005",
					"JUCE_MODULE_AVAILABLE_juce_audio_basics=1",
					"JUCE_MODULE_AVAILABLE_juce_audio_devices=1",
					"JUCE_MODULE_AVAILABLE_juce_audio_formats=1",
					"JUCE_MODULE_AVAILABLE_juce_audio_plugin_client=1",
					"JUCE_MODULE_AVAILABLE_juce_audio_processors=1",
					"JUCE_MODULE_AVAILABLE_juce_audio_utils=1",
					"JUCE_MODULE_AVAILABLE_juce_core=1",
					"JUCE_MODULE_AVAILABLE_juce_data_structures=1",
					"JUCE_MODULE_AVAILABLE_juce_dsp=1",
					"JUCE_MODULE_AVAILABLE_juce_events=1",
					"JUCE_MODULE_AVAILABLE_juce_graphics=1",
					"JUCE_MODULE_AVAILABLE_juce_gui_basics=1",
					"JUCE_MODULE_AVAILABLE_juce_gui_extra=1",
					"JUCE_GLOBAL_MODULE_SETTINGS_INCLUDED=1",
					"JUCE_VST3_CAN_REPLACE_VST2=0",
					"JUCE_STRICT_REFCOUNTEDPOINTER=1",
					"JucePlugin_Build_VST=0",
					"JucePlugin_Build_VST3=0",
					"JucePlugin_Build_AU=1",
					"JucePlugin_Build_AUv3=0",
					"JucePlugin_Build_AAX=0",
					"JucePlugin_Build_Standalone=0",
					"JucePlugin_Build_Unity=0",
					"JucePlugin_Build_LV2=0",
					"JucePlugin_Enable_IAA=0",
					"JucePlugin_Enable_ARA=0",
					"JucePlugin_Name=\\\"PeakSynth\\\"",
					"JucePlugin_Desc=\\\"PeakSynth\\\"",
					"JucePlugin_Manufacturer=\\\"Owen\\ Prendergast\\\"",
					"JucePlugin_ManufacturerWebsite=\\\"https://github.com/owennjpr\\\"",
					"JucePlugin_ManufacturerEmail=\\\"owenprendergast8@gmail.com\\\"",
					"JucePlugin_ManufacturerCode=0x4d616e75",
					"JucePlugin_PluginCode=0x57687a30",
					"JucePlugin_IsSynth=1",
					"JucePlugin_WantsMidiInput=1",
					"JucePlugin_ProducesMidiOutput=0",
					"JucePlugin_IsMidiEffect=0",
					"JucePlugin_EditorRequiresKeyboardFocus=0",
					"JucePlugin_Version=1.0.0",
					"JucePlugin_VersionCode=0x10000",
					"JucePlugin_VersionString=\\\"1.0.0\\\"",
					"JucePlugin_VSTUniqueID=JucePlugin_PluginCode",
					"JucePlugin_VSTCategory=kPlugCategSynth",
					"JucePlugin_Vst3Category=\\\"Instrument|Synth\\\"",
					"JucePlugin_AUMainType=\\'aumu\\'",
					"JucePlugin_AUSubType=JucePlugin_PluginCode",
					"JucePlugin_AUExportPrefix=PeakSynthAU",
					"JucePlugin_AUExportPrefixQuoted=\\\"PeakSynthAU\\\"",
					"JucePlugin_AUManufacturerCode=JucePlugin_ManufacturerCode",
					"JucePlugin_CFBundleIdentifier=com.OwenPrendergast.PeakSynth",
					"JucePlugin_AAXIdentifier=com.OwenPrendergast.PeakSynth",
					"JucePlugin_AAXManufacturerCode=JucePlugin_ManufacturerCode",
					"JucePlugin_AAXProductId=JucePlugin_PluginCode",
					"JucePlugin_AAXCategory=2048",
					"JucePlugin_AAXDisableBypass=0",
					"JucePlugin_AAXDisableMultiMono=0",
					"JucePlugin_IAAType=0x61757269",
					"JucePlugin_IAASubType=JucePlugin_PluginCode",
					"JucePlugin_IAAName=\\\"Owen\\ Prendergast:\\ PeakSynth\\\"",
					"JucePlugin_VSTNumMidiInputs=16",
					"JucePlugin_VSTNumMidiOutputs=16",
					"JucePlugin_ARAContentTypes=0",
					"JucePlugin_ARATransformationFlags=0",
					"JucePlugin_ARAFactoryID=\\\"com.OwenPrendergast.PeakSynth.factory\\\"",
					"JucePlugin_ARADocumentArchiveID=\\\"com.OwenPrendergast.PeakSynth.aradocumentarchive.1.0.0\\\"",
					"JucePlugin_ARACompatibleArchiveIDs=\\\"\\\"",
					"JUCE_STANDALONE_APPLICATION=JucePlugin_Build_Standalone",
					"JUCER_XCODE_MAC_F6D2F4CF=1",
					"JUCE_APP_VERSION=1.0.0",
					"JUCE_APP_VERSION_HEX=0x10000",
				);
				GCC_VERSION = com.apple.compilers.llvm.clang.1_0;
				GENERATE_PKGINFO_FILE = YES;
				HEADER_SEARCH_PATHS = (
					"/Users/owenprendergast/Documents/JUCE/modules/juce_audio_processors/format_types/VST3_SDK",
					"$(SRCROOT)/../../JuceLibraryCode",
					"/Users/owenprendergast/Documents/JUCE/modules",
					"/Users/owenprendergast/Documents/JUCE/modules/juce_audio_plugin_client/AU",
					"$(inherited)",
				);
				INFOPLIST_FILE = Info-AU.plist;
				INFOPLIST_PREPROCESS = NO;
				INSTALL_PATH = "$(HOME)/Library/Audio/Plug-Ins/Components/";
				LIBRARY_STYLE = Bundle;
				LLVM_LTO = YES;
				MACOSX_DEPLOYMENT_TARGET = 10.13;
				MTL_HEADER_SEARCH_PATHS = "/Users/owenprendergast/Documents/JUCE/modules/juce_audio_processors/format_types/VST3_SDK $(SRCROOT)/../../JuceLibraryCode /Users/owenprendergast/Documents/JUCE/modules /Users/owenprendergast/Documents/JUCE/modules/juce_audio_plugin_client/AU";
				OTHER_LDFLAGS = "-bundle -lPeakSynth -weak_framework Metal -weak_framework MetalKit";
				OTHER_REZFLAGS = "-d ppc_$ppc -d i386_$i386 -d ppc64_$ppc64 -d x86_64_$x86_64 -d arm64_$arm64 -I /System/Library/Frameworks/CoreServices.framework/Frameworks/CarbonCore.framework/Versions/A/Headers -I \"$(DEVELOPER_DIR)/Extras/CoreAudio/AudioUnits/AUPublic/AUBase\" -I \"$(DEVELOPER_DIR)/Platforms/MacOSX.platform/Developer/SDKs/MacOSX.sdk/System/Library/Frameworks/AudioUnit.framework/Headers\"";
				PRODUCT_BUNDLE_IDENTIFIER = com.OwenPrendergast.PeakSynth;
				PRODUCT_NAME = "PeakSynth";
				USE_HEADERMAP = NO;
				VALID_ARCHS = "i386 x86_64 arm64 arm64e";
				WRAPPER_EXTENSION = component;
			};
			name = Release;
		};
		86F0A168D3DF524BD1B63A62 /* Debug */ = {
			isa = XCBuildConfiguration;
			buildSettings = {
				CLANG_CXX_LANGUAGE_STANDARD = "c++17";
				CLANG_CXX_LIBRARY = "libc++";
				CLANG_LINK_OBJC_RUNTIME = NO;
				COMBINE_HIDPI_IMAGES = YES;
				CONFIGURATION_BUILD_DIR = "$(PROJECT_DIR)/build/$(CONFIGURATION)";
				COPY_PHASE_STRIP = NO;
				DEPLOYMENT_LOCATION = YES;
				DSTROOT = /;
				EXCLUDED_ARCHS = "";
				GCC_DYNAMIC_NO_PIC = NO;
				GCC_OPTIMIZATION_LEVEL = 0;
				GCC_PREPROCESSOR_DEFINITIONS = (
					"_DEBUG=1",
					"DEBUG=1",
					"JUCE_DISPLAY_SPLASH_SCREEN=1",
					"JUCE_USE_DARK_SPLASH_SCREEN=1",
					"JUCE_PROJUCER_VERSION=0x70005",
					"JUCE_MODULE_AVAILABLE_juce_audio_basics=1",
					"JUCE_MODULE_AVAILABLE_juce_audio_devices=1",
					"JUCE_MODULE_AVAILABLE_juce_audio_formats=1",
					"JUCE_MODULE_AVAILABLE_juce_audio_plugin_client=1",
					"JUCE_MODULE_AVAILABLE_juce_audio_processors=1",
					"JUCE_MODULE_AVAILABLE_juce_audio_utils=1",
					"JUCE_MODULE_AVAILABLE_juce_core=1",
					"JUCE_MODULE_AVAILABLE_juce_data_structures=1",
					"JUCE_MODULE_AVAILABLE_juce_dsp=1",
					"JUCE_MODULE_AVAILABLE_juce_events=1",
					"JUCE_MODULE_AVAILABLE_juce_graphics=1",
					"JUCE_MODULE_AVAILABLE_juce_gui_basics=1",
					"JUCE_MODULE_AVAILABLE_juce_gui_extra=1",
					"JUCE_GLOBAL_MODULE_SETTINGS_INCLUDED=1",
					"JUCE_VST3_CAN_REPLACE_VST2=0",
					"JUCE_STRICT_REFCOUNTEDPOINTER=1",
					"JucePlugin_Build_VST=0",
					"JucePlugin_Build_VST3=0",
					"JucePlugin_Build_AU=1",
					"JucePlugin_Build_AUv3=0",
					"JucePlugin_Build_AAX=0",
					"JucePlugin_Build_Standalone=0",
					"JucePlugin_Build_Unity=0",
					"JucePlugin_Build_LV2=0",
					"JucePlugin_Enable_IAA=0",
					"JucePlugin_Enable_ARA=0",
					"JucePlugin_Name=\\\"PeakSynth\\\"",
					"JucePlugin_Desc=\\\"PeakSynth\\\"",
					"JucePlugin_Manufacturer=\\\"Owen\\ Prendergast\\\"",
					"JucePlugin_ManufacturerWebsite=\\\"https://github.com/owennjpr\\\"",
					"JucePlugin_ManufacturerEmail=\\\"owenprendergast8@gmail.com\\\"",
					"JucePlugin_ManufacturerCode=0x4d616e75",
					"JucePlugin_PluginCode=0x57687a30",
					"JucePlugin_IsSynth=1",
					"JucePlugin_WantsMidiInput=1",
					"JucePlugin_ProducesMidiOutput=0",
					"JucePlugin_IsMidiEffect=0",
					"JucePlugin_EditorRequiresKeyboardFocus=0",
					"JucePlugin_Version=1.0.0",
					"JucePlugin_VersionCode=0x10000",
					"JucePlugin_VersionString=\\\"1.0.0\\\"",
					"JucePlugin_VSTUniqueID=JucePlugin_PluginCode",
					"JucePlugin_VSTCategory=kPlugCategSynth",
					"JucePlugin_Vst3Category=\\\"Instrument|Synth\\\"",
					"JucePlugin_AUMainType=\\'aumu\\'",
					"JucePlugin_AUSubType=JucePlugin_PluginCode",
					"JucePlugin_AUExportPrefix=PeakSynthAU",
					"JucePlugin_AUExportPrefixQuoted=\\\"PeakSynthAU\\\"",
					"JucePlugin_AUManufacturerCode=JucePlugin_ManufacturerCode",
					"JucePlugin_CFBundleIdentifier=com.OwenPrendergast.PeakSynth",
					"JucePlugin_AAXIdentifier=com.OwenPrendergast.PeakSynth",
					"JucePlugin_AAXManufacturerCode=JucePlugin_ManufacturerCode",
					"JucePlugin_AAXProductId=JucePlugin_PluginCode",
					"JucePlugin_AAXCategory=2048",
					"JucePlugin_AAXDisableBypass=0",
					"JucePlugin_AAXDisableMultiMono=0",
					"JucePlugin_IAAType=0x61757269",
					"JucePlugin_IAASubType=JucePlugin_PluginCode",
					"JucePlugin_IAAName=\\\"Owen\\ Prendergast:\\ PeakSynth\\\"",
					"JucePlugin_VSTNumMidiInputs=16",
					"JucePlugin_VSTNumMidiOutputs=16",
					"JucePlugin_ARAContentTypes=0",
					"JucePlugin_ARATransformationFlags=0",
					"JucePlugin_ARAFactoryID=\\\"com.OwenPrendergast.PeakSynth.factory\\\"",
					"JucePlugin_ARADocumentArchiveID=\\\"com.OwenPrendergast.PeakSynth.aradocumentarchive.1.0.0\\\"",
					"JucePlugin_ARACompatibleArchiveIDs=\\\"\\\"",
					"JUCE_STANDALONE_APPLICATION=JucePlugin_Build_Standalone",
					"JUCER_XCODE_MAC_F6D2F4CF=1",
					"JUCE_APP_VERSION=1.0.0",
					"JUCE_APP_VERSION_HEX=0x10000",
				);
				GCC_VERSION = com.apple.compilers.llvm.clang.1_0;
				GENERATE_PKGINFO_FILE = YES;
				HEADER_SEARCH_PATHS = (
					"/Users/owenprendergast/Documents/JUCE/modules/juce_audio_processors/format_types/VST3_SDK",
					"$(SRCROOT)/../../JuceLibraryCode",
					"/Users/owenprendergast/Documents/JUCE/modules",
					"/Users/owenprendergast/Documents/JUCE/modules/juce_audio_plugin_client/AU",
					"$(inherited)",
				);
				INFOPLIST_FILE = Info-AU.plist;
				INFOPLIST_PREPROCESS = NO;
				INSTALL_PATH = "$(HOME)/Library/Audio/Plug-Ins/Components/";
				LIBRARY_STYLE = Bundle;
				MACOSX_DEPLOYMENT_TARGET = 10.13;
				MTL_HEADER_SEARCH_PATHS = "/Users/owenprendergast/Documents/JUCE/modules/juce_audio_processors/format_types/VST3_SDK $(SRCROOT)/../../JuceLibraryCode /Users/owenprendergast/Documents/JUCE/modules /Users/owenprendergast/Documents/JUCE/modules/juce_audio_plugin_client/AU";
				OTHER_LDFLAGS = "-bundle -lPeakSynth -weak_framework Metal -weak_framework MetalKit";
				OTHER_REZFLAGS = "-d ppc_$ppc -d i386_$i386 -d ppc64_$ppc64 -d x86_64_$x86_64 -d arm64_$arm64 -I /System/Library/Frameworks/CoreServices.framework/Frameworks/CarbonCore.framework/Versions/A/Headers -I \"$(DEVELOPER_DIR)/Extras/CoreAudio/AudioUnits/AUPublic/AUBase\" -I \"$(DEVELOPER_DIR)/Platforms/MacOSX.platform/Developer/SDKs/MacOSX.sdk/System/Library/Frameworks/AudioUnit.framework/Headers\"";
				PRODUCT_BUNDLE_IDENTIFIER = com.OwenPrendergast.PeakSynth;
				PRODUCT_NAME = "PeakSynth";
				USE_HEADERMAP = NO;
				VALID_ARCHS = "i386 x86_64 arm64 arm64e";
				WRAPPER_EXTENSION = component;
			};
			name = Debug;
		};
		8C86D83FC410A84C1A266197 /* Release */ = {
			isa = XCBuildConfiguration;
			buildSettings = {
				CLANG_CXX_LANGUAGE_STANDARD = "c++17";
				CLANG_CXX_LIBRARY = "libc++";
				CLANG_LINK_OBJC_RUNTIME = NO;
				COMBINE_HIDPI_IMAGES = YES;
				CONFIGURATION_BUILD_DIR = "$(PROJECT_DIR)/build/$(CONFIGURATION)";
				DEAD_CODE_STRIPPING = YES;
				DEPLOYMENT_LOCATION = YES;
				DSTROOT = /;
				EXCLUDED_ARCHS = "";
				GCC_GENERATE_DEBUGGING_SYMBOLS = NO;
				GCC_OPTIMIZATION_LEVEL = 3;
				GCC_PREPROCESSOR_DEFINITIONS = (
					"_NDEBUG=1",
					"NDEBUG=1",
					"JUCE_DISPLAY_SPLASH_SCREEN=1",
					"JUCE_USE_DARK_SPLASH_SCREEN=1",
					"JUCE_PROJUCER_VERSION=0x70005",
					"JUCE_MODULE_AVAILABLE_juce_audio_basics=1",
					"JUCE_MODULE_AVAILABLE_juce_audio_devices=1",
					"JUCE_MODULE_AVAILABLE_juce_audio_formats=1",
					"JUCE_MODULE_AVAILABLE_juce_audio_plugin_client=1",
					"JUCE_MODULE_AVAILABLE_juce_audio_processors=1",
					"JUCE_MODULE_AVAILABLE_juce_audio_utils=1",
					"JUCE_MODULE_AVAILABLE_juce_core=1",
					"JUCE_MODULE_AVAILABLE_juce_data_structures=1",
					"JUCE_MODULE_AVAILABLE_juce_dsp=1",
					"JUCE_MODULE_AVAILABLE_juce_events=1",
					"JUCE_MODULE_AVAILABLE_juce_graphics=1",
					"JUCE_MODULE_AVAILABLE_juce_gui_basics=1",
					"JUCE_MODULE_AVAILABLE_juce_gui_extra=1",
					"JUCE_GLOBAL_MODULE_SETTINGS_INCLUDED=1",
					"JUCE_VST3_CAN_REPLACE_VST2=0",
					"JUCE_STRICT_REFCOUNTEDPOINTER=1",
					"JucePlugin_Build_VST=0",
					"JucePlugin_Build_VST3=1",
					"JucePlugin_Build_AU=0",
					"JucePlugin_Build_AUv3=0",
					"JucePlugin_Build_AAX=0",
					"JucePlugin_Build_Standalone=0",
					"JucePlugin_Build_Unity=0",
					"JucePlugin_Build_LV2=0",
					"JucePlugin_Enable_IAA=0",
					"JucePlugin_Enable_ARA=0",
					"JucePlugin_Name=\\\"PeakSynth\\\"",
					"JucePlugin_Desc=\\\"PeakSynth\\\"",
					"JucePlugin_Manufacturer=\\\"Owen\\ Prendergast\\\"",
					"JucePlugin_ManufacturerWebsite=\\\"https://github.com/owennjpr\\\"",
					"JucePlugin_ManufacturerEmail=\\\"owenprendergast8@gmail.com\\\"",
					"JucePlugin_ManufacturerCode=0x4d616e75",
					"JucePlugin_PluginCode=0x57687a30",
					"JucePlugin_IsSynth=1",
					"JucePlugin_WantsMidiInput=1",
					"JucePlugin_ProducesMidiOutput=0",
					"JucePlugin_IsMidiEffect=0",
					"JucePlugin_EditorRequiresKeyboardFocus=0",
					"JucePlugin_Version=1.0.0",
					"JucePlugin_VersionCode=0x10000",
					"JucePlugin_VersionString=\\\"1.0.0\\\"",
					"JucePlugin_VSTUniqueID=JucePlugin_PluginCode",
					"JucePlugin_VSTCategory=kPlugCategSynth",
					"JucePlugin_Vst3Category=\\\"Instrument|Synth\\\"",
					"JucePlugin_AUMainType=\\'aumu\\'",
					"JucePlugin_AUSubType=JucePlugin_PluginCode",
					"JucePlugin_AUExportPrefix=PeakSynthAU",
					"JucePlugin_AUExportPrefixQuoted=\\\"PeakSynthAU\\\"",
					"JucePlugin_AUManufacturerCode=JucePlugin_ManufacturerCode",
					"JucePlugin_CFBundleIdentifier=com.OwenPrendergast.PeakSynth",
					"JucePlugin_AAXIdentifier=com.OwenPrendergast.PeakSynth",
					"JucePlugin_AAXManufacturerCode=JucePlugin_ManufacturerCode",
					"JucePlugin_AAXProductId=JucePlugin_PluginCode",
					"JucePlugin_AAXCategory=2048",
					"JucePlugin_AAXDisableBypass=0",
					"JucePlugin_AAXDisableMultiMono=0",
					"JucePlugin_IAAType=0x61757269",
					"JucePlugin_IAASubType=JucePlugin_PluginCode",
					"JucePlugin_IAAName=\\\"Owen\\ Prendergast:\\ PeakSynth\\\"",
					"JucePlugin_VSTNumMidiInputs=16",
					"JucePlugin_VSTNumMidiOutputs=16",
					"JucePlugin_ARAContentTypes=0",
					"JucePlugin_ARATransformationFlags=0",
					"JucePlugin_ARAFactoryID=\\\"com.OwenPrendergast.PeakSynth.factory\\\"",
					"JucePlugin_ARADocumentArchiveID=\\\"com.OwenPrendergast.PeakSynth.aradocumentarchive.1.0.0\\\"",
					"JucePlugin_ARACompatibleArchiveIDs=\\\"\\\"",
					"JUCE_STANDALONE_APPLICATION=JucePlugin_Build_Standalone",
					"JUCER_XCODE_MAC_F6D2F4CF=1",
					"JUCE_APP_VERSION=1.0.0",
					"JUCE_APP_VERSION_HEX=0x10000",
				);
				GCC_VERSION = com.apple.compilers.llvm.clang.1_0;
				GENERATE_PKGINFO_FILE = YES;
				HEADER_SEARCH_PATHS = (
					"/Users/owenprendergast/Documents/JUCE/modules/juce_audio_processors/format_types/VST3_SDK",
					"$(SRCROOT)/../../JuceLibraryCode",
					"/Users/owenprendergast/Documents/JUCE/modules",
					"/Users/owenprendergast/Documents/JUCE/modules/juce_audio_plugin_client/AU",
					"$(inherited)",
				);
				INFOPLIST_FILE = Info-VST3.plist;
				INFOPLIST_PREPROCESS = NO;
				INSTALL_PATH = "$(HOME)/Library/Audio/Plug-Ins/VST3/";
				LIBRARY_STYLE = Bundle;
				LLVM_LTO = YES;
				MACOSX_DEPLOYMENT_TARGET = 10.13;
				MTL_HEADER_SEARCH_PATHS = "/Users/owenprendergast/Documents/JUCE/modules/juce_audio_processors/format_types/VST3_SDK $(SRCROOT)/../../JuceLibraryCode /Users/owenprendergast/Documents/JUCE/modules /Users/owenprendergast/Documents/JUCE/modules/juce_audio_plugin_client/AU";
				OTHER_LDFLAGS = "-bundle -lPeakSynth -weak_framework Metal -weak_framework MetalKit";
				PRODUCT_BUNDLE_IDENTIFIER = com.OwenPrendergast.PeakSynth;
				PRODUCT_NAME = "PeakSynth";
				USE_HEADERMAP = NO;
				VALID_ARCHS = "i386 x86_64 arm64 arm64e";
				WRAPPER_EXTENSION = vst3;
			};
			name = Release;
		};
		91E48DAFDF17512B6FF1696C /* Release */ = {
			isa = XCBuildConfiguration;
			buildSettings = {
				ALWAYS_SEARCH_USER_PATHS = NO;
				CLANG_ENABLE_OBJC_WEAK = YES;
				CLANG_WARN_BLOCK_CAPTURE_AUTORELEASING = YES;
				CLANG_WARN_BOOL_CONVERSION = YES;
				CLANG_WARN_COMMA = YES;
				CLANG_WARN_CONSTANT_CONVERSION = YES;
				CLANG_WARN_DEPRECATED_OBJC_IMPLEMENTATIONS = YES;
				CLANG_WARN_EMPTY_BODY = YES;
				CLANG_WARN_ENUM_CONVERSION = YES;
				CLANG_WARN_INFINITE_RECURSION = YES;
				CLANG_WARN_INT_CONVERSION = YES;
				CLANG_WARN_NON_LITERAL_NULL_CONVERSION = YES;
				CLANG_WARN_OBJC_IMPLICIT_RETAIN_SELF = YES;
				CLANG_WARN_OBJC_LITERAL_CONVERSION = YES;
				CLANG_WARN_RANGE_LOOP_ANALYSIS = YES;
				CLANG_WARN_STRICT_PROTOTYPES = YES;
				CLANG_WARN_SUSPICIOUS_MOVE = YES;
				CLANG_WARN_UNREACHABLE_CODE = YES;
				CLANG_WARN__DUPLICATE_METHOD_MATCH = YES;
				DEBUG_INFORMATION_FORMAT = dwarf;
				ENABLE_STRICT_OBJC_MSGSEND = YES;
				ENABLE_TESTABILITY = NO;
				GCC_C_LANGUAGE_STANDARD = c11;
				GCC_INLINES_ARE_PRIVATE_EXTERN = YES;
				GCC_MODEL_TUNING = G5;
				GCC_NO_COMMON_BLOCKS = YES;
				GCC_SYMBOLS_PRIVATE_EXTERN = YES;
				GCC_WARN_64_TO_32_BIT_CONVERSION = YES;
				GCC_WARN_ABOUT_RETURN_TYPE = YES;
				GCC_WARN_CHECK_SWITCH_STATEMENTS = YES;
				GCC_WARN_MISSING_PARENTHESES = YES;
				GCC_WARN_NON_VIRTUAL_DESTRUCTOR = YES;
				GCC_WARN_TYPECHECK_CALLS_TO_PRINTF = YES;
				GCC_WARN_UNDECLARED_SELECTOR = YES;
				GCC_WARN_UNINITIALIZED_AUTOS = YES;
				GCC_WARN_UNUSED_FUNCTION = YES;
				GCC_WARN_UNUSED_VARIABLE = YES;
				PRODUCT_NAME = "PeakSynth";
				SDKROOT = macosx;
				WARNING_CFLAGS = "-Wreorder";
				ZERO_LINK = NO;
			};
			name = Release;
		};
		BCC9CC34075BB52D5DA113D5 /* Release */ = {
			isa = XCBuildConfiguration;
			buildSettings = {
				MACOSX_DEPLOYMENT_TARGET = 10.13;
				SDKROOT = macosx;
			};
			name = Release;
		};
		CA9607B13FB28874964B2AC2 /* Debug */ = {
			isa = XCBuildConfiguration;
			buildSettings = {
				MACOSX_DEPLOYMENT_TARGET = 10.13;
				SDKROOT = macosx;
			};
			name = Debug;
		};
		CD96CFD791301A6DE70332B7 /* Debug */ = {
			isa = XCBuildConfiguration;
			buildSettings = {
				CLANG_CXX_LANGUAGE_STANDARD = "c++17";
				CLANG_CXX_LIBRARY = "libc++";
				CLANG_LINK_OBJC_RUNTIME = NO;
				COMBINE_HIDPI_IMAGES = YES;
				CONFIGURATION_BUILD_DIR = "$(PROJECT_DIR)/build/$(CONFIGURATION)";
				COPY_PHASE_STRIP = NO;
				DEPLOYMENT_LOCATION = YES;
				DSTROOT = /;
				EXCLUDED_ARCHS = "";
				GCC_DYNAMIC_NO_PIC = NO;
				GCC_OPTIMIZATION_LEVEL = 0;
				GCC_PREPROCESSOR_DEFINITIONS = (
					"_DEBUG=1",
					"DEBUG=1",
					"JUCE_DISPLAY_SPLASH_SCREEN=1",
					"JUCE_USE_DARK_SPLASH_SCREEN=1",
					"JUCE_PROJUCER_VERSION=0x70005",
					"JUCE_MODULE_AVAILABLE_juce_audio_basics=1",
					"JUCE_MODULE_AVAILABLE_juce_audio_devices=1",
					"JUCE_MODULE_AVAILABLE_juce_audio_formats=1",
					"JUCE_MODULE_AVAILABLE_juce_audio_plugin_client=1",
					"JUCE_MODULE_AVAILABLE_juce_audio_processors=1",
					"JUCE_MODULE_AVAILABLE_juce_audio_utils=1",
					"JUCE_MODULE_AVAILABLE_juce_core=1",
					"JUCE_MODULE_AVAILABLE_juce_data_structures=1",
					"JUCE_MODULE_AVAILABLE_juce_dsp=1",
					"JUCE_MODULE_AVAILABLE_juce_events=1",
					"JUCE_MODULE_AVAILABLE_juce_graphics=1",
					"JUCE_MODULE_AVAILABLE_juce_gui_basics=1",
					"JUCE_MODULE_AVAILABLE_juce_gui_extra=1",
					"JUCE_GLOBAL_MODULE_SETTINGS_INCLUDED=1",
					"JUCE_VST3_CAN_REPLACE_VST2=0",
					"JUCE_STRICT_REFCOUNTEDPOINTER=1",
					"JucePlugin_Build_VST=0",
					"JucePlugin_Build_VST3=1",
					"JucePlugin_Build_AU=0",
					"JucePlugin_Build_AUv3=0",
					"JucePlugin_Build_AAX=0",
					"JucePlugin_Build_Standalone=0",
					"JucePlugin_Build_Unity=0",
					"JucePlugin_Build_LV2=0",
					"JucePlugin_Enable_IAA=0",
					"JucePlugin_Enable_ARA=0",
					"JucePlugin_Name=\\\"PeakSynth\\\"",
					"JucePlugin_Desc=\\\"PeakSynth\\\"",
					"JucePlugin_Manufacturer=\\\"Owen\\ Prendergast\\\"",
					"JucePlugin_ManufacturerWebsite=\\\"https://github.com/owennjpr\\\"",
					"JucePlugin_ManufacturerEmail=\\\"owenprendergast8@gmail.com\\\"",
					"JucePlugin_ManufacturerCode=0x4d616e75",
					"JucePlugin_PluginCode=0x57687a30",
					"JucePlugin_IsSynth=1",
					"JucePlugin_WantsMidiInput=1",
					"JucePlugin_ProducesMidiOutput=0",
					"JucePlugin_IsMidiEffect=0",
					"JucePlugin_EditorRequiresKeyboardFocus=0",
					"JucePlugin_Version=1.0.0",
					"JucePlugin_VersionCode=0x10000",
					"JucePlugin_VersionString=\\\"1.0.0\\\"",
					"JucePlugin_VSTUniqueID=JucePlugin_PluginCode",
					"JucePlugin_VSTCategory=kPlugCategSynth",
					"JucePlugin_Vst3Category=\\\"Instrument|Synth\\\"",
					"JucePlugin_AUMainType=\\'aumu\\'",
					"JucePlugin_AUSubType=JucePlugin_PluginCode",
					"JucePlugin_AUExportPrefix=PeakSynthAU",
					"JucePlugin_AUExportPrefixQuoted=\\\"PeakSynthAU\\\"",
					"JucePlugin_AUManufacturerCode=JucePlugin_ManufacturerCode",
					"JucePlugin_CFBundleIdentifier=com.OwenPrendergast.PeakSynth",
					"JucePlugin_AAXIdentifier=com.OwenPrendergast.PeakSynth",
					"JucePlugin_AAXManufacturerCode=JucePlugin_ManufacturerCode",
					"JucePlugin_AAXProductId=JucePlugin_PluginCode",
					"JucePlugin_AAXCategory=2048",
					"JucePlugin_AAXDisableBypass=0",
					"JucePlugin_AAXDisableMultiMono=0",
					"JucePlugin_IAAType=0x61757269",
					"JucePlugin_IAASubType=JucePlugin_PluginCode",
					"JucePlugin_IAAName=\\\"Owen\\ Prendergast:\\ PeakSynth\\\"",
					"JucePlugin_VSTNumMidiInputs=16",
					"JucePlugin_VSTNumMidiOutputs=16",
					"JucePlugin_ARAContentTypes=0",
					"JucePlugin_ARATransformationFlags=0",
					"JucePlugin_ARAFactoryID=\\\"com.OwenPrendergast.PeakSynth.factory\\\"",
					"JucePlugin_ARADocumentArchiveID=\\\"com.OwenPrendergast.PeakSynth.aradocumentarchive.1.0.0\\\"",
					"JucePlugin_ARACompatibleArchiveIDs=\\\"\\\"",
					"JUCE_STANDALONE_APPLICATION=JucePlugin_Build_Standalone",
					"JUCER_XCODE_MAC_F6D2F4CF=1",
					"JUCE_APP_VERSION=1.0.0",
					"JUCE_APP_VERSION_HEX=0x10000",
				);
				GCC_VERSION = com.apple.compilers.llvm.clang.1_0;
				GENERATE_PKGINFO_FILE = YES;
				HEADER_SEARCH_PATHS = (
					"/Users/owenprendergast/Documents/JUCE/modules/juce_audio_processors/format_types/VST3_SDK",
					"$(SRCROOT)/../../JuceLibraryCode",
					"/Users/owenprendergast/Documents/JUCE/modules",
					"/Users/owenprendergast/Documents/JUCE/modules/juce_audio_plugin_client/AU",
					"$(inherited)",
				);
				INFOPLIST_FILE = Info-VST3.plist;
				INFOPLIST_PREPROCESS = NO;
				INSTALL_PATH = "$(HOME)/Library/Audio/Plug-Ins/VST3/";
				LIBRARY_STYLE = Bundle;
				MACOSX_DEPLOYMENT_TARGET = 10.13;
				MTL_HEADER_SEARCH_PATHS = "/Users/owenprendergast/Documents/JUCE/modules/juce_audio_processors/format_types/VST3_SDK $(SRCROOT)/../../JuceLibraryCode /Users/owenprendergast/Documents/JUCE/modules /Users/owenprendergast/Documents/JUCE/modules/juce_audio_plugin_client/AU";
				OTHER_LDFLAGS = "-bundle -lPeakSynth -weak_framework Metal -weak_framework MetalKit";
				PRODUCT_BUNDLE_IDENTIFIER = com.OwenPrendergast.PeakSynth;
				PRODUCT_NAME = "PeakSynth";
				USE_HEADERMAP = NO;
				VALID_ARCHS = "i386 x86_64 arm64 arm64e";
				WRAPPER_EXTENSION = vst3;
			};
			name = Debug;
		};
/* End XCBuildConfiguration section */

/* Begin XCConfigurationList section */
		054B172F374B241709F3C5F2 = {
			isa = XCConfigurationList;
			buildConfigurations = (
				15AB2DF646A0B7A25633C24F,
				54A4CF6F3FAF7BF61ACFDE6B,
			);
			defaultConfigurationIsVisible = 0;
			defaultConfigurationName = Debug;
		};
		942D1DF59F1CFA964F39E12A = {
			isa = XCConfigurationList;
			buildConfigurations = (
				3226881D2516CAB769D6471C,
				91E48DAFDF17512B6FF1696C,
			);
			defaultConfigurationIsVisible = 0;
			defaultConfigurationName = Debug;
		};
		C014ACABE6280BA4EA7CDB4A = {
			isa = XCConfigurationList;
			buildConfigurations = (
				CD96CFD791301A6DE70332B7,
				8C86D83FC410A84C1A266197,
			);
			defaultConfigurationIsVisible = 0;
			defaultConfigurationName = Debug;
		};
		F840388BD8FCF830E964FCF8 = {
			isa = XCConfigurationList;
			buildConfigurations = (
				3AD8319C99822D079250680F,
				0F0482983E39AA187DDECC76,
			);
			defaultConfigurationIsVisible = 0;
			defaultConfigurationName = Debug;
		};
		F86B1F8CF71927D0A25EBA2B = {
			isa = XCConfigurationList;
			buildConfigurations = (
				86F0A168D3DF524BD1B63A62,
				6F9D1D13BB947405BADAA4CF,
			);
			defaultConfigurationIsVisible = 0;
			defaultConfigurationName = Debug;
		};
		F8ED3D4E4860E329F4837197 = {
			isa = XCConfigurationList;
			buildConfigurations = (
				CA9607B13FB28874964B2AC2,
				BCC9CC34075BB52D5DA113D5,
			);
			defaultConfigurationIsVisible = 0;
			defaultConfigurationName = Debug;
		};
/* End XCConfigurationList section */
	};
	rootObject = D8107B7D19828BE1181E8BB4 /* Project object */;
}
